PODS:
  - Alamofire (4.7.3)
  - Crashlytics (3.10.8):
    - Fabric (~> 1.7.12)
  - EZCoreData (0.2.1)
  - Fabric (1.7.12)
  - Flurry-iOS-SDK/FlurrySDK (9.1.0)
  - Kingfisher (4.10.0)
  - PKHUD (5.2.0)
  - SwiftMessages (6.0.0):
    - SwiftMessages/App (= 6.0.0)
  - SwiftMessages/App (6.0.0)

DEPENDENCIES:
  - Alamofire (= 4.7.3)
  - Crashlytics (= 3.10.8)
  - EZCoreData
  - Fabric (= 1.7.12)
  - Flurry-iOS-SDK/FlurrySDK (= 9.1.0)
  - Kingfisher (= 4.10.0)
  - PKHUD (= 5.2.0)
  - SwiftMessages (= 6.0.0)

SPEC REPOS:
  https://github.com/cocoapods/specs.git:
    - Alamofire
    - Crashlytics
    - EZCoreData
    - Fabric
    - Flurry-iOS-SDK
    - Kingfisher
    - PKHUD
    - SwiftMessages

SPEC CHECKSUMS:
  Alamofire: c7287b6e5d7da964a70935e5db17046b7fde6568
  Crashlytics: 058dc1ba579f6c100bc60a6878703779bff383c4
  EZCoreData: 2fee3ccf0715cbc074f8120deb09d1b880c39de6
  Fabric: d7387db9a31aadff63b147a4b91d982c53afaa4f
  Flurry-iOS-SDK: 5f321ecc8282cf10b051b64bfdc4657f6b280118
  Kingfisher: 43c4b802d8b5256cf1f4379e9cd10b329be6d3e2
  PKHUD: dd5357ac65f26115c35c4a68e9b328053326c5fe
  SwiftMessages: da7c981256a65b3e58022d9027a36584cf4eccf5

PODFILE CHECKSUM: 5a7ff33289cbea096ea6da8b27a113934a3b858a

COCOAPODS: 1.5.3
