PODS:
  - Alamofire (4.7.3)
  - PKHUD (5.2.0)
  - SwiftyJSON (4.2.0)

DEPENDENCIES:
  - Alamofire (= 4.7.3)
  - PKHUD (= 5.2.0)
  - SwiftyJSON (= 4.2.0)

SPEC REPOS:
  https://github.com/cocoapods/specs.git:
    - Alamofire
    - PKHUD
    - SwiftyJSON

SPEC CHECKSUMS:
  Alamofire: c7287b6e5d7da964a70935e5db17046b7fde6568
  PKHUD: dd5357ac65f26115c35c4a68e9b328053326c5fe
  SwiftyJSON: c4bcba26dd9ec7a027fc8eade48e2c911f229e96

PODFILE CHECKSUM: 17e0f72babc7931294872e0e89ed6b5ef36772e7

COCOAPODS: 1.5.3
