// !$*UTF8*$!
{
	archiveVersion = 1;
	classes = {
	};
	objectVersion = 50;
	objects = {

/* Begin PBXBuildFile section */
		1F0397BF220218FE00335E6C /* ApplicationCoordinator.swift in Sources */ = {isa = PBXBuildFile; fileRef = 1F0397BE220218FE00335E6C /* ApplicationCoordinator.swift */; };
		1F0397C122021F6700335E6C /* UIViewController+Storyboard.swift in Sources */ = {isa = PBXBuildFile; fileRef = 1F0397C022021F6700335E6C /* UIViewController+Storyboard.swift */; };
		1F0397C3220237FB00335E6C /* UITableViewCell+Reusable.swift in Sources */ = {isa = PBXBuildFile; fileRef = 1F0397C2220237FB00335E6C /* UITableViewCell+Reusable.swift */; };
		1F0397C52202481100335E6C /* ViewModelProtocol.swift in Sources */ = {isa = PBXBuildFile; fileRef = 1F0397C42202481100335E6C /* ViewModelProtocol.swift */; };
		1F0397C722024BBB00335E6C /* ArticleDetailCoordinator.swift in Sources */ = {isa = PBXBuildFile; fileRef = 1F0397C622024BBB00335E6C /* ArticleDetailCoordinator.swift */; };
		1F0397C922024C0400335E6C /* ArticleTableCoordinator.swift in Sources */ = {isa = PBXBuildFile; fileRef = 1F0397C822024C0400335E6C /* ArticleTableCoordinator.swift */; };
		1F0397CB220476E200335E6C /* Coordinator.swift in Sources */ = {isa = PBXBuildFile; fileRef = 1F0397CA220476E200335E6C /* Coordinator.swift */; };
		1F196BB721D6F7B1002421AB /* APIHelper.swift in Sources */ = {isa = PBXBuildFile; fileRef = 1F196BB621D6F7B1002421AB /* APIHelper.swift */; };
		1F1A40A121D69524005BC0F3 /* ArticleTableViewController.swift in Sources */ = {isa = PBXBuildFile; fileRef = 1F1A40A021D69524005BC0F3 /* ArticleTableViewController.swift */; };
		1F1A40A321D6953E005BC0F3 /* ArticleTableViewCell.swift in Sources */ = {isa = PBXBuildFile; fileRef = 1F1A40A221D6953E005BC0F3 /* ArticleTableViewCell.swift */; };
		1F1EC01521E7900D008EB3AF /* ArticleDetailViewModel.swift in Sources */ = {isa = PBXBuildFile; fileRef = 1F1EC01421E7900D008EB3AF /* ArticleDetailViewModel.swift */; };
		1F27761922119B0A00496030 /* AuthHomeViewController.swift in Sources */ = {isa = PBXBuildFile; fileRef = 1F27761822119B0A00496030 /* AuthHomeViewController.swift */; };
		1F27761C22119C5600496030 /* Welcome.storyboard in Resources */ = {isa = PBXBuildFile; fileRef = 1F27761B22119C5600496030 /* Welcome.storyboard */; };
		1F27761E22119D0400496030 /* WelcomeCoordinator.swift in Sources */ = {isa = PBXBuildFile; fileRef = 1F27761D22119D0400496030 /* WelcomeCoordinator.swift */; };
		1F27762022119D9000496030 /* WelcomeViewController.swift in Sources */ = {isa = PBXBuildFile; fileRef = 1F27761F22119D9000496030 /* WelcomeViewController.swift */; };
		1F27762222119E8500496030 /* WelcomeViewModel.swift in Sources */ = {isa = PBXBuildFile; fileRef = 1F27762122119E8500496030 /* WelcomeViewModel.swift */; };
		1F2776242211A1AA00496030 /* WelcomeTableViewCell.swift in Sources */ = {isa = PBXBuildFile; fileRef = 1F2776232211A1AA00496030 /* WelcomeTableViewCell.swift */; };
		1F2ACF12220B9DD80084BFF0 /* AppTheme.swift in Sources */ = {isa = PBXBuildFile; fileRef = 1F2ACF11220B9DD80084BFF0 /* AppTheme.swift */; };
		1F2ACF16220BA3460084BFF0 /* QuestionsCoordinator.swift in Sources */ = {isa = PBXBuildFile; fileRef = 1F2ACF15220BA3460084BFF0 /* QuestionsCoordinator.swift */; };
		1F2ACF18220BA35B0084BFF0 /* QuestionsCollectionViewController.swift in Sources */ = {isa = PBXBuildFile; fileRef = 1F2ACF17220BA35B0084BFF0 /* QuestionsCollectionViewController.swift */; };
		1F2ACF1A220BA3CB0084BFF0 /* Collection.storyboard in Resources */ = {isa = PBXBuildFile; fileRef = 1F2ACF19220BA3CB0084BFF0 /* Collection.storyboard */; };
		1F2BD47522087D4300C128CE /* UIViewController+Toastr.swift in Sources */ = {isa = PBXBuildFile; fileRef = 1F2BD47422087D4300C128CE /* UIViewController+Toastr.swift */; };
		1F3C24DC2211BA6B00A7C996 /* SignUpViewModel.swift in Sources */ = {isa = PBXBuildFile; fileRef = 1F3C24DB2211BA6B00A7C996 /* SignUpViewModel.swift */; };
		1F3C24DE2211BD3C00A7C996 /* LoginViewModel.swift in Sources */ = {isa = PBXBuildFile; fileRef = 1F3C24DD2211BD3C00A7C996 /* LoginViewModel.swift */; };
		1F3C24E02211BE9D00A7C996 /* ForgotPasswordViewModel.swift in Sources */ = {isa = PBXBuildFile; fileRef = 1F3C24DF2211BE9D00A7C996 /* ForgotPasswordViewModel.swift */; };
		1F3DB457220CD73500F931A5 /* UserTextCollectionViewCell.swift in Sources */ = {isa = PBXBuildFile; fileRef = 1F3DB456220CD73500F931A5 /* UserTextCollectionViewCell.swift */; };
		1F3DB459220DA9BB00F931A5 /* InnerCardCollectionViewCell.swift in Sources */ = {isa = PBXBuildFile; fileRef = 1F3DB458220DA9BB00F931A5 /* InnerCardCollectionViewCell.swift */; };
		1F4EC6C121E521600060B9DA /* PaddingLabel.swift in Sources */ = {isa = PBXBuildFile; fileRef = 1F4EC6C021E521600060B9DA /* PaddingLabel.swift */; };
		1F6C6DAC21F7304300E59082 /* main.swift in Sources */ = {isa = PBXBuildFile; fileRef = 1F6C6DAB21F7304300E59082 /* main.swift */; };
		1F88EFE821D5766900275972 /* AppDelegate.swift in Sources */ = {isa = PBXBuildFile; fileRef = 1F88EFE721D5766900275972 /* AppDelegate.swift */; };
		1F88EFED21D5766900275972 /* News.storyboard in Resources */ = {isa = PBXBuildFile; fileRef = 1F88EFEB21D5766900275972 /* News.storyboard */; };
		1F88EFF021D5766900275972 /* iOS_Bootstrap.xcdatamodeld in Sources */ = {isa = PBXBuildFile; fileRef = 1F88EFEE21D5766900275972 /* iOS_Bootstrap.xcdatamodeld */; };
		1F88EFF221D5766900275972 /* Assets.xcassets in Resources */ = {isa = PBXBuildFile; fileRef = 1F88EFF121D5766900275972 /* Assets.xcassets */; };
		1F88EFF521D5766900275972 /* LaunchScreen.storyboard in Resources */ = {isa = PBXBuildFile; fileRef = 1F88EFF321D5766900275972 /* LaunchScreen.storyboard */; };
		1F8BDB4521E53592007A338A /* Constants.swift in Sources */ = {isa = PBXBuildFile; fileRef = 1F8BDB4421E53592007A338A /* Constants.swift */; };
		1F8BDB4721E54150007A338A /* ArticleTableViewModel.swift in Sources */ = {isa = PBXBuildFile; fileRef = 1F8BDB4621E54150007A338A /* ArticleTableViewModel.swift */; };
		1F8BDB4921E605C5007A338A /* NSDate+TimeAgo.swift in Sources */ = {isa = PBXBuildFile; fileRef = 1F8BDB4821E605C5007A338A /* NSDate+TimeAgo.swift */; };
		1F9144D621F9CC050060A74B /* IOSBootstrapTests.swift in Sources */ = {isa = PBXBuildFile; fileRef = 1F9144D521F9CC050060A74B /* IOSBootstrapTests.swift */; };
		1F9B0CB221E50E610069FD3E /* ArticleDetailViewController.swift in Sources */ = {isa = PBXBuildFile; fileRef = 1F9B0CB121E50E610069FD3E /* ArticleDetailViewController.swift */; };
		1F9B4A7521ECC43900E5E360 /* Localizable.strings in Resources */ = {isa = PBXBuildFile; fileRef = 1F9B4A7421ECC43900E5E360 /* Localizable.strings */; };
		1F9B4A7921ECC69900E5E360 /* String+Localized.swift in Sources */ = {isa = PBXBuildFile; fileRef = 1F9B4A7821ECC69900E5E360 /* String+Localized.swift */; };
		1F9B4A7B21ECE6CF00E5E360 /* UIColor+Custom.swift in Sources */ = {isa = PBXBuildFile; fileRef = 1F9B4A7A21ECE6CF00E5E360 /* UIColor+Custom.swift */; };
		1F9B4A8221ED3F3700E5E360 /* Colfax-Medium.ttf in Resources */ = {isa = PBXBuildFile; fileRef = 1F9B4A7F21ED3F3600E5E360 /* Colfax-Medium.ttf */; };
		1F9B4A8321ED3F3700E5E360 /* Colfax-Regular.ttf in Resources */ = {isa = PBXBuildFile; fileRef = 1F9B4A8021ED3F3600E5E360 /* Colfax-Regular.ttf */; };
		1F9B4A8421ED3F3700E5E360 /* Colfax-Bold.ttf in Resources */ = {isa = PBXBuildFile; fileRef = 1F9B4A8121ED3F3700E5E360 /* Colfax-Bold.ttf */; };
		1F9B4A9021ED3F4700E5E360 /* ProximaNova-Light.ttf in Resources */ = {isa = PBXBuildFile; fileRef = 1F9B4A8621ED3F4600E5E360 /* ProximaNova-Light.ttf */; };
		1F9B4A9121ED3F4700E5E360 /* ProximaNova-Bold.ttf in Resources */ = {isa = PBXBuildFile; fileRef = 1F9B4A8721ED3F4600E5E360 /* ProximaNova-Bold.ttf */; };
		1F9B4A9221ED3F4700E5E360 /* ProximaNova-Bold-Italic.ttf in Resources */ = {isa = PBXBuildFile; fileRef = 1F9B4A8821ED3F4600E5E360 /* ProximaNova-Bold-Italic.ttf */; };
		1F9B4A9321ED3F4700E5E360 /* ProximaNova-Semibold.ttf in Resources */ = {isa = PBXBuildFile; fileRef = 1F9B4A8921ED3F4600E5E360 /* ProximaNova-Semibold.ttf */; };
		1F9B4A9421ED3F4700E5E360 /* ProximaNova-Semibold-Italic.ttf in Resources */ = {isa = PBXBuildFile; fileRef = 1F9B4A8A21ED3F4600E5E360 /* ProximaNova-Semibold-Italic.ttf */; };
		1F9B4A9521ED3F4700E5E360 /* ProximaNova-Extra-Bold.ttf in Resources */ = {isa = PBXBuildFile; fileRef = 1F9B4A8B21ED3F4600E5E360 /* ProximaNova-Extra-Bold.ttf */; };
		1F9B4A9621ED3F4700E5E360 /* ProximaNova-Regular.ttf in Resources */ = {isa = PBXBuildFile; fileRef = 1F9B4A8C21ED3F4600E5E360 /* ProximaNova-Regular.ttf */; };
		1F9B4A9721ED3F4700E5E360 /* ProximaNova-Black.ttf in Resources */ = {isa = PBXBuildFile; fileRef = 1F9B4A8D21ED3F4600E5E360 /* ProximaNova-Black.ttf */; };
		1F9B4A9821ED3F4700E5E360 /* ProximaNova-Regular-Italic.ttf in Resources */ = {isa = PBXBuildFile; fileRef = 1F9B4A8E21ED3F4600E5E360 /* ProximaNova-Regular-Italic.ttf */; };
		1F9B4A9921ED3F4700E5E360 /* ProximaNova-Light-Italic.ttf in Resources */ = {isa = PBXBuildFile; fileRef = 1F9B4A8F21ED3F4600E5E360 /* ProximaNova-Light-Italic.ttf */; };
		1F9B4A9C21ED3F7300E5E360 /* UIFont+Custom.swift in Sources */ = {isa = PBXBuildFile; fileRef = 1F9B4A9B21ED3F7300E5E360 /* UIFont+Custom.swift */; };
		1F9B4AAA21ED522200E5E360 /* Brandon_med_it.otf in Resources */ = {isa = PBXBuildFile; fileRef = 1F9B4A9E21ED522100E5E360 /* Brandon_med_it.otf */; };
		1F9B4AAB21ED522200E5E360 /* Brandon_bld.otf in Resources */ = {isa = PBXBuildFile; fileRef = 1F9B4A9F21ED522100E5E360 /* Brandon_bld.otf */; };
		1F9B4AAC21ED522200E5E360 /* Brandon_med.otf in Resources */ = {isa = PBXBuildFile; fileRef = 1F9B4AA021ED522100E5E360 /* Brandon_med.otf */; };
		1F9B4AAD21ED522200E5E360 /* Brandon_light_it.otf in Resources */ = {isa = PBXBuildFile; fileRef = 1F9B4AA121ED522100E5E360 /* Brandon_light_it.otf */; };
		1F9B4AAE21ED522200E5E360 /* Brandon_reg.otf in Resources */ = {isa = PBXBuildFile; fileRef = 1F9B4AA221ED522100E5E360 /* Brandon_reg.otf */; };
		1F9B4AAF21ED522200E5E360 /* Brandon_light.otf in Resources */ = {isa = PBXBuildFile; fileRef = 1F9B4AA321ED522100E5E360 /* Brandon_light.otf */; };
		1F9B4AB021ED522200E5E360 /* Brandon_blk_it.otf in Resources */ = {isa = PBXBuildFile; fileRef = 1F9B4AA421ED522100E5E360 /* Brandon_blk_it.otf */; };
		1F9B4AB121ED522200E5E360 /* Brandon_reg_it.otf in Resources */ = {isa = PBXBuildFile; fileRef = 1F9B4AA521ED522100E5E360 /* Brandon_reg_it.otf */; };
		1F9B4AB221ED522200E5E360 /* Brandon_thin.otf in Resources */ = {isa = PBXBuildFile; fileRef = 1F9B4AA621ED522100E5E360 /* Brandon_thin.otf */; };
		1F9B4AB321ED522200E5E360 /* Brandon_bld_it.otf in Resources */ = {isa = PBXBuildFile; fileRef = 1F9B4AA721ED522100E5E360 /* Brandon_bld_it.otf */; };
		1F9B4AB421ED522200E5E360 /* Brandon_thin_it.otf in Resources */ = {isa = PBXBuildFile; fileRef = 1F9B4AA821ED522100E5E360 /* Brandon_thin_it.otf */; };
		1F9B4AB521ED522200E5E360 /* Brandon_blk.otf in Resources */ = {isa = PBXBuildFile; fileRef = 1F9B4AA921ED522100E5E360 /* Brandon_blk.otf */; };
		1FA8320A220A12E500FB2B61 /* AuthHomeCoordinator.swift in Sources */ = {isa = PBXBuildFile; fileRef = 1FA83209220A12E500FB2B61 /* AuthHomeCoordinator.swift */; };
		1FA8320C220A167100FB2B61 /* LoginViewController.swift in Sources */ = {isa = PBXBuildFile; fileRef = 1FA8320B220A167100FB2B61 /* LoginViewController.swift */; };
		1FA8320E220A168700FB2B61 /* LoginCoordinator.swift in Sources */ = {isa = PBXBuildFile; fileRef = 1FA8320D220A168700FB2B61 /* LoginCoordinator.swift */; };
		1FA83210220A19B700FB2B61 /* SignUpCoordinator.swift in Sources */ = {isa = PBXBuildFile; fileRef = 1FA8320F220A19B700FB2B61 /* SignUpCoordinator.swift */; };
		1FA83212220A19E500FB2B61 /* SignUpViewController.swift in Sources */ = {isa = PBXBuildFile; fileRef = 1FA83211220A19E500FB2B61 /* SignUpViewController.swift */; };
		1FA83214220A1AB400FB2B61 /* ForgotPasswordCoordinator.swift in Sources */ = {isa = PBXBuildFile; fileRef = 1FA83213220A1AB400FB2B61 /* ForgotPasswordCoordinator.swift */; };
		1FA83216220A1AE200FB2B61 /* ForgotPasswordViewController.swift in Sources */ = {isa = PBXBuildFile; fileRef = 1FA83215220A1AE200FB2B61 /* ForgotPasswordViewController.swift */; };
		1FADAF5E21E782E7000A4E2E /* Tag+CoreDataClass.swift in Sources */ = {isa = PBXBuildFile; fileRef = 1FADAF5A21E782E7000A4E2E /* Tag+CoreDataClass.swift */; };
		1FADAF5F21E782E7000A4E2E /* Tag+CoreDataProperties.swift in Sources */ = {isa = PBXBuildFile; fileRef = 1FADAF5B21E782E7000A4E2E /* Tag+CoreDataProperties.swift */; };
		1FADAF6021E782E7000A4E2E /* Article+CoreDataClass.swift in Sources */ = {isa = PBXBuildFile; fileRef = 1FADAF5C21E782E7000A4E2E /* Article+CoreDataClass.swift */; };
		1FADAF6121E782E7000A4E2E /* Article+CoreDataProperties.swift in Sources */ = {isa = PBXBuildFile; fileRef = 1FADAF5D21E782E7000A4E2E /* Article+CoreDataProperties.swift */; };
		1FDC4A1421E4C8B40064AC13 /* UIRefreshControl+ProgramaticallyBeginRefresh.swift in Sources */ = {isa = PBXBuildFile; fileRef = 1FDC4A1321E4C8B40064AC13 /* UIRefreshControl+ProgramaticallyBeginRefresh.swift */; };
		1FE54134220A50AE00981D82 /* DesignableLabel.swift in Sources */ = {isa = PBXBuildFile; fileRef = 1FE54133220A50AE00981D82 /* DesignableLabel.swift */; };
		1FE54136220A516200981D82 /* DesignableTextField.swift in Sources */ = {isa = PBXBuildFile; fileRef = 1FE54135220A516200981D82 /* DesignableTextField.swift */; };
		1FEDC18C220A234C00AC5E84 /* Auth.storyboard in Resources */ = {isa = PBXBuildFile; fileRef = 1FEDC18B220A234B00AC5E84 /* Auth.storyboard */; };
		1FEDC190220A315000AC5E84 /* DesignableButton.swift in Sources */ = {isa = PBXBuildFile; fileRef = 1FEDC18F220A315000AC5E84 /* DesignableButton.swift */; };
		D613AB79944D1B10DD65FA87 /* Pods_iOS_Bootstrap.framework in Frameworks */ = {isa = PBXBuildFile; fileRef = 5CC74D4057AC74D671DE5F5A /* Pods_iOS_Bootstrap.framework */; };
/* End PBXBuildFile section */

/* Begin PBXContainerItemProxy section */
		1F9144D821F9CC050060A74B /* PBXContainerItemProxy */ = {
			isa = PBXContainerItemProxy;
			containerPortal = 1F88EFDC21D5766900275972 /* Project object */;
			proxyType = 1;
			remoteGlobalIDString = 1F88EFE321D5766900275972;
			remoteInfo = "CKL iOS Challenge";
		};
/* End PBXContainerItemProxy section */

/* Begin PBXFileReference section */
		1F0397BE220218FE00335E6C /* ApplicationCoordinator.swift */ = {isa = PBXFileReference; lastKnownFileType = sourcecode.swift; path = ApplicationCoordinator.swift; sourceTree = "<group>"; };
		1F0397C022021F6700335E6C /* UIViewController+Storyboard.swift */ = {isa = PBXFileReference; lastKnownFileType = sourcecode.swift; path = "UIViewController+Storyboard.swift"; sourceTree = "<group>"; };
		1F0397C2220237FB00335E6C /* UITableViewCell+Reusable.swift */ = {isa = PBXFileReference; lastKnownFileType = sourcecode.swift; path = "UITableViewCell+Reusable.swift"; sourceTree = "<group>"; };
		1F0397C42202481100335E6C /* ViewModelProtocol.swift */ = {isa = PBXFileReference; lastKnownFileType = sourcecode.swift; path = ViewModelProtocol.swift; sourceTree = "<group>"; };
		1F0397C622024BBB00335E6C /* ArticleDetailCoordinator.swift */ = {isa = PBXFileReference; lastKnownFileType = sourcecode.swift; path = ArticleDetailCoordinator.swift; sourceTree = "<group>"; };
		1F0397C822024C0400335E6C /* ArticleTableCoordinator.swift */ = {isa = PBXFileReference; lastKnownFileType = sourcecode.swift; path = ArticleTableCoordinator.swift; sourceTree = "<group>"; };
		1F0397CA220476E200335E6C /* Coordinator.swift */ = {isa = PBXFileReference; lastKnownFileType = sourcecode.swift; path = Coordinator.swift; sourceTree = "<group>"; };
		1F196BB621D6F7B1002421AB /* APIHelper.swift */ = {isa = PBXFileReference; lastKnownFileType = sourcecode.swift; path = APIHelper.swift; sourceTree = "<group>"; };
		1F1A40A021D69524005BC0F3 /* ArticleTableViewController.swift */ = {isa = PBXFileReference; lastKnownFileType = sourcecode.swift; path = ArticleTableViewController.swift; sourceTree = "<group>"; };
		1F1A40A221D6953E005BC0F3 /* ArticleTableViewCell.swift */ = {isa = PBXFileReference; lastKnownFileType = sourcecode.swift; path = ArticleTableViewCell.swift; sourceTree = "<group>"; };
		1F1EC01421E7900D008EB3AF /* ArticleDetailViewModel.swift */ = {isa = PBXFileReference; lastKnownFileType = sourcecode.swift; path = ArticleDetailViewModel.swift; sourceTree = "<group>"; };
		1F27761822119B0A00496030 /* AuthHomeViewController.swift */ = {isa = PBXFileReference; fileEncoding = 4; lastKnownFileType = sourcecode.swift; path = AuthHomeViewController.swift; sourceTree = "<group>"; };
		1F27761B22119C5600496030 /* Welcome.storyboard */ = {isa = PBXFileReference; lastKnownFileType = file.storyboard; path = Welcome.storyboard; sourceTree = "<group>"; };
		1F27761D22119D0400496030 /* WelcomeCoordinator.swift */ = {isa = PBXFileReference; lastKnownFileType = sourcecode.swift; path = WelcomeCoordinator.swift; sourceTree = "<group>"; };
		1F27761F22119D9000496030 /* WelcomeViewController.swift */ = {isa = PBXFileReference; lastKnownFileType = sourcecode.swift; path = WelcomeViewController.swift; sourceTree = "<group>"; };
		1F27762122119E8500496030 /* WelcomeViewModel.swift */ = {isa = PBXFileReference; lastKnownFileType = sourcecode.swift; path = WelcomeViewModel.swift; sourceTree = "<group>"; };
		1F2776232211A1AA00496030 /* WelcomeTableViewCell.swift */ = {isa = PBXFileReference; lastKnownFileType = sourcecode.swift; path = WelcomeTableViewCell.swift; sourceTree = "<group>"; };
		1F2ACF11220B9DD80084BFF0 /* AppTheme.swift */ = {isa = PBXFileReference; lastKnownFileType = sourcecode.swift; path = AppTheme.swift; sourceTree = "<group>"; };
		1F2ACF15220BA3460084BFF0 /* QuestionsCoordinator.swift */ = {isa = PBXFileReference; fileEncoding = 4; lastKnownFileType = sourcecode.swift; path = QuestionsCoordinator.swift; sourceTree = "<group>"; };
		1F2ACF17220BA35B0084BFF0 /* QuestionsCollectionViewController.swift */ = {isa = PBXFileReference; fileEncoding = 4; lastKnownFileType = sourcecode.swift; path = QuestionsCollectionViewController.swift; sourceTree = "<group>"; };
		1F2ACF19220BA3CB0084BFF0 /* Collection.storyboard */ = {isa = PBXFileReference; lastKnownFileType = file.storyboard; path = Collection.storyboard; sourceTree = "<group>"; };
		1F2BD47422087D4300C128CE /* UIViewController+Toastr.swift */ = {isa = PBXFileReference; lastKnownFileType = sourcecode.swift; path = "UIViewController+Toastr.swift"; sourceTree = "<group>"; };
		1F3C24DB2211BA6B00A7C996 /* SignUpViewModel.swift */ = {isa = PBXFileReference; lastKnownFileType = sourcecode.swift; path = SignUpViewModel.swift; sourceTree = "<group>"; };
		1F3C24DD2211BD3C00A7C996 /* LoginViewModel.swift */ = {isa = PBXFileReference; fileEncoding = 4; lastKnownFileType = sourcecode.swift; path = LoginViewModel.swift; sourceTree = "<group>"; };
		1F3C24DF2211BE9D00A7C996 /* ForgotPasswordViewModel.swift */ = {isa = PBXFileReference; fileEncoding = 4; lastKnownFileType = sourcecode.swift; path = ForgotPasswordViewModel.swift; sourceTree = "<group>"; };
		1F3DB456220CD73500F931A5 /* UserTextCollectionViewCell.swift */ = {isa = PBXFileReference; lastKnownFileType = sourcecode.swift; path = UserTextCollectionViewCell.swift; sourceTree = "<group>"; };
		1F3DB458220DA9BB00F931A5 /* InnerCardCollectionViewCell.swift */ = {isa = PBXFileReference; fileEncoding = 4; lastKnownFileType = sourcecode.swift; path = InnerCardCollectionViewCell.swift; sourceTree = "<group>"; };
		1F4EC6C021E521600060B9DA /* PaddingLabel.swift */ = {isa = PBXFileReference; lastKnownFileType = sourcecode.swift; path = PaddingLabel.swift; sourceTree = "<group>"; };
		1F6C6DAB21F7304300E59082 /* main.swift */ = {isa = PBXFileReference; lastKnownFileType = sourcecode.swift; path = main.swift; sourceTree = "<group>"; };
		1F88EFE421D5766900275972 /* iOS Bootstrap.app */ = {isa = PBXFileReference; explicitFileType = wrapper.application; includeInIndex = 0; path = "iOS Bootstrap.app"; sourceTree = BUILT_PRODUCTS_DIR; };
		1F88EFE721D5766900275972 /* AppDelegate.swift */ = {isa = PBXFileReference; lastKnownFileType = sourcecode.swift; path = AppDelegate.swift; sourceTree = "<group>"; };
		1F88EFEC21D5766900275972 /* Base */ = {isa = PBXFileReference; lastKnownFileType = file.storyboard; name = Base; path = Base.lproj/News.storyboard; sourceTree = "<group>"; };
		1F88EFEF21D5766900275972 /* CKL_iOS_Challenge.xcdatamodel */ = {isa = PBXFileReference; lastKnownFileType = wrapper.xcdatamodel; path = CKL_iOS_Challenge.xcdatamodel; sourceTree = "<group>"; };
		1F88EFF121D5766900275972 /* Assets.xcassets */ = {isa = PBXFileReference; lastKnownFileType = folder.assetcatalog; path = Assets.xcassets; sourceTree = "<group>"; };
		1F88EFF421D5766900275972 /* Base */ = {isa = PBXFileReference; lastKnownFileType = file.storyboard; name = Base; path = Base.lproj/LaunchScreen.storyboard; sourceTree = "<group>"; };
		1F88EFF621D5766900275972 /* Info.plist */ = {isa = PBXFileReference; lastKnownFileType = text.plist.xml; path = Info.plist; sourceTree = "<group>"; };
		1F8BDB4421E53592007A338A /* Constants.swift */ = {isa = PBXFileReference; lastKnownFileType = sourcecode.swift; path = Constants.swift; sourceTree = "<group>"; };
		1F8BDB4621E54150007A338A /* ArticleTableViewModel.swift */ = {isa = PBXFileReference; lastKnownFileType = sourcecode.swift; path = ArticleTableViewModel.swift; sourceTree = "<group>"; };
		1F8BDB4821E605C5007A338A /* NSDate+TimeAgo.swift */ = {isa = PBXFileReference; lastKnownFileType = sourcecode.swift; path = "NSDate+TimeAgo.swift"; sourceTree = "<group>"; };
		1F9144D321F9CC050060A74B /* iOS Bootstrap Tests.xctest */ = {isa = PBXFileReference; explicitFileType = wrapper.cfbundle; includeInIndex = 0; path = "iOS Bootstrap Tests.xctest"; sourceTree = BUILT_PRODUCTS_DIR; };
		1F9144D521F9CC050060A74B /* IOSBootstrapTests.swift */ = {isa = PBXFileReference; lastKnownFileType = sourcecode.swift; path = IOSBootstrapTests.swift; sourceTree = "<group>"; };
		1F9144D721F9CC050060A74B /* Info.plist */ = {isa = PBXFileReference; lastKnownFileType = text.plist.xml; path = Info.plist; sourceTree = "<group>"; };
		1F9B0CB121E50E610069FD3E /* ArticleDetailViewController.swift */ = {isa = PBXFileReference; lastKnownFileType = sourcecode.swift; path = ArticleDetailViewController.swift; sourceTree = "<group>"; };
		1F9B4A7421ECC43900E5E360 /* Localizable.strings */ = {isa = PBXFileReference; lastKnownFileType = text.plist.strings; path = Localizable.strings; sourceTree = "<group>"; };
		1F9B4A7721ECC61300E5E360 /* en */ = {isa = PBXFileReference; lastKnownFileType = text.plist.strings; name = en; path = en.lproj/News.strings; sourceTree = "<group>"; };
		1F9B4A7821ECC69900E5E360 /* String+Localized.swift */ = {isa = PBXFileReference; lastKnownFileType = sourcecode.swift; path = "String+Localized.swift"; sourceTree = "<group>"; };
		1F9B4A7A21ECE6CF00E5E360 /* UIColor+Custom.swift */ = {isa = PBXFileReference; lastKnownFileType = sourcecode.swift; path = "UIColor+Custom.swift"; sourceTree = "<group>"; };
		1F9B4A7F21ED3F3600E5E360 /* Colfax-Medium.ttf */ = {isa = PBXFileReference; lastKnownFileType = file; path = "Colfax-Medium.ttf"; sourceTree = "<group>"; };
		1F9B4A8021ED3F3600E5E360 /* Colfax-Regular.ttf */ = {isa = PBXFileReference; lastKnownFileType = file; path = "Colfax-Regular.ttf"; sourceTree = "<group>"; };
		1F9B4A8121ED3F3700E5E360 /* Colfax-Bold.ttf */ = {isa = PBXFileReference; lastKnownFileType = file; path = "Colfax-Bold.ttf"; sourceTree = "<group>"; };
		1F9B4A8621ED3F4600E5E360 /* ProximaNova-Light.ttf */ = {isa = PBXFileReference; lastKnownFileType = file; path = "ProximaNova-Light.ttf"; sourceTree = "<group>"; };
		1F9B4A8721ED3F4600E5E360 /* ProximaNova-Bold.ttf */ = {isa = PBXFileReference; lastKnownFileType = file; path = "ProximaNova-Bold.ttf"; sourceTree = "<group>"; };
		1F9B4A8821ED3F4600E5E360 /* ProximaNova-Bold-Italic.ttf */ = {isa = PBXFileReference; lastKnownFileType = file; path = "ProximaNova-Bold-Italic.ttf"; sourceTree = "<group>"; };
		1F9B4A8921ED3F4600E5E360 /* ProximaNova-Semibold.ttf */ = {isa = PBXFileReference; lastKnownFileType = file; path = "ProximaNova-Semibold.ttf"; sourceTree = "<group>"; };
		1F9B4A8A21ED3F4600E5E360 /* ProximaNova-Semibold-Italic.ttf */ = {isa = PBXFileReference; lastKnownFileType = file; path = "ProximaNova-Semibold-Italic.ttf"; sourceTree = "<group>"; };
		1F9B4A8B21ED3F4600E5E360 /* ProximaNova-Extra-Bold.ttf */ = {isa = PBXFileReference; lastKnownFileType = file; path = "ProximaNova-Extra-Bold.ttf"; sourceTree = "<group>"; };
		1F9B4A8C21ED3F4600E5E360 /* ProximaNova-Regular.ttf */ = {isa = PBXFileReference; lastKnownFileType = file; path = "ProximaNova-Regular.ttf"; sourceTree = "<group>"; };
		1F9B4A8D21ED3F4600E5E360 /* ProximaNova-Black.ttf */ = {isa = PBXFileReference; lastKnownFileType = file; path = "ProximaNova-Black.ttf"; sourceTree = "<group>"; };
		1F9B4A8E21ED3F4600E5E360 /* ProximaNova-Regular-Italic.ttf */ = {isa = PBXFileReference; lastKnownFileType = file; path = "ProximaNova-Regular-Italic.ttf"; sourceTree = "<group>"; };
		1F9B4A8F21ED3F4600E5E360 /* ProximaNova-Light-Italic.ttf */ = {isa = PBXFileReference; lastKnownFileType = file; path = "ProximaNova-Light-Italic.ttf"; sourceTree = "<group>"; };
		1F9B4A9B21ED3F7300E5E360 /* UIFont+Custom.swift */ = {isa = PBXFileReference; lastKnownFileType = sourcecode.swift; path = "UIFont+Custom.swift"; sourceTree = "<group>"; };
		1F9B4A9E21ED522100E5E360 /* Brandon_med_it.otf */ = {isa = PBXFileReference; lastKnownFileType = file; path = Brandon_med_it.otf; sourceTree = "<group>"; };
		1F9B4A9F21ED522100E5E360 /* Brandon_bld.otf */ = {isa = PBXFileReference; lastKnownFileType = file; path = Brandon_bld.otf; sourceTree = "<group>"; };
		1F9B4AA021ED522100E5E360 /* Brandon_med.otf */ = {isa = PBXFileReference; lastKnownFileType = file; path = Brandon_med.otf; sourceTree = "<group>"; };
		1F9B4AA121ED522100E5E360 /* Brandon_light_it.otf */ = {isa = PBXFileReference; lastKnownFileType = file; path = Brandon_light_it.otf; sourceTree = "<group>"; };
		1F9B4AA221ED522100E5E360 /* Brandon_reg.otf */ = {isa = PBXFileReference; lastKnownFileType = file; path = Brandon_reg.otf; sourceTree = "<group>"; };
		1F9B4AA321ED522100E5E360 /* Brandon_light.otf */ = {isa = PBXFileReference; lastKnownFileType = file; path = Brandon_light.otf; sourceTree = "<group>"; };
		1F9B4AA421ED522100E5E360 /* Brandon_blk_it.otf */ = {isa = PBXFileReference; lastKnownFileType = file; path = Brandon_blk_it.otf; sourceTree = "<group>"; };
		1F9B4AA521ED522100E5E360 /* Brandon_reg_it.otf */ = {isa = PBXFileReference; lastKnownFileType = file; path = Brandon_reg_it.otf; sourceTree = "<group>"; };
		1F9B4AA621ED522100E5E360 /* Brandon_thin.otf */ = {isa = PBXFileReference; lastKnownFileType = file; path = Brandon_thin.otf; sourceTree = "<group>"; };
		1F9B4AA721ED522100E5E360 /* Brandon_bld_it.otf */ = {isa = PBXFileReference; lastKnownFileType = file; path = Brandon_bld_it.otf; sourceTree = "<group>"; };
		1F9B4AA821ED522100E5E360 /* Brandon_thin_it.otf */ = {isa = PBXFileReference; lastKnownFileType = file; path = Brandon_thin_it.otf; sourceTree = "<group>"; };
		1F9B4AA921ED522100E5E360 /* Brandon_blk.otf */ = {isa = PBXFileReference; lastKnownFileType = file; path = Brandon_blk.otf; sourceTree = "<group>"; };
		1FA83209220A12E500FB2B61 /* AuthHomeCoordinator.swift */ = {isa = PBXFileReference; lastKnownFileType = sourcecode.swift; path = AuthHomeCoordinator.swift; sourceTree = "<group>"; };
		1FA8320B220A167100FB2B61 /* LoginViewController.swift */ = {isa = PBXFileReference; fileEncoding = 4; lastKnownFileType = sourcecode.swift; path = LoginViewController.swift; sourceTree = "<group>"; };
		1FA8320D220A168700FB2B61 /* LoginCoordinator.swift */ = {isa = PBXFileReference; fileEncoding = 4; lastKnownFileType = sourcecode.swift; path = LoginCoordinator.swift; sourceTree = "<group>"; };
		1FA8320F220A19B700FB2B61 /* SignUpCoordinator.swift */ = {isa = PBXFileReference; fileEncoding = 4; lastKnownFileType = sourcecode.swift; path = SignUpCoordinator.swift; sourceTree = "<group>"; };
		1FA83211220A19E500FB2B61 /* SignUpViewController.swift */ = {isa = PBXFileReference; fileEncoding = 4; lastKnownFileType = sourcecode.swift; path = SignUpViewController.swift; sourceTree = "<group>"; };
		1FA83213220A1AB400FB2B61 /* ForgotPasswordCoordinator.swift */ = {isa = PBXFileReference; fileEncoding = 4; lastKnownFileType = sourcecode.swift; path = ForgotPasswordCoordinator.swift; sourceTree = "<group>"; };
		1FA83215220A1AE200FB2B61 /* ForgotPasswordViewController.swift */ = {isa = PBXFileReference; fileEncoding = 4; lastKnownFileType = sourcecode.swift; path = ForgotPasswordViewController.swift; sourceTree = "<group>"; };
		1FADAF5A21E782E7000A4E2E /* Tag+CoreDataClass.swift */ = {isa = PBXFileReference; lastKnownFileType = sourcecode.swift; path = "Tag+CoreDataClass.swift"; sourceTree = "<group>"; };
		1FADAF5B21E782E7000A4E2E /* Tag+CoreDataProperties.swift */ = {isa = PBXFileReference; lastKnownFileType = sourcecode.swift; path = "Tag+CoreDataProperties.swift"; sourceTree = "<group>"; };
		1FADAF5C21E782E7000A4E2E /* Article+CoreDataClass.swift */ = {isa = PBXFileReference; lastKnownFileType = sourcecode.swift; path = "Article+CoreDataClass.swift"; sourceTree = "<group>"; };
		1FADAF5D21E782E7000A4E2E /* Article+CoreDataProperties.swift */ = {isa = PBXFileReference; lastKnownFileType = sourcecode.swift; path = "Article+CoreDataProperties.swift"; sourceTree = "<group>"; };
		1FDC4A1321E4C8B40064AC13 /* UIRefreshControl+ProgramaticallyBeginRefresh.swift */ = {isa = PBXFileReference; lastKnownFileType = sourcecode.swift; path = "UIRefreshControl+ProgramaticallyBeginRefresh.swift"; sourceTree = "<group>"; };
		1FE54133220A50AE00981D82 /* DesignableLabel.swift */ = {isa = PBXFileReference; lastKnownFileType = sourcecode.swift; path = DesignableLabel.swift; sourceTree = "<group>"; };
		1FE54135220A516200981D82 /* DesignableTextField.swift */ = {isa = PBXFileReference; lastKnownFileType = sourcecode.swift; path = DesignableTextField.swift; sourceTree = "<group>"; };
		1FEDC18B220A234B00AC5E84 /* Auth.storyboard */ = {isa = PBXFileReference; fileEncoding = 4; lastKnownFileType = file.storyboard; path = Auth.storyboard; sourceTree = "<group>"; };
		1FEDC18F220A315000AC5E84 /* DesignableButton.swift */ = {isa = PBXFileReference; lastKnownFileType = sourcecode.swift; path = DesignableButton.swift; sourceTree = "<group>"; };
		4B7DAA81C8155F8F08FAF734 /* Pods-iOS Bootstrap.release.xcconfig */ = {isa = PBXFileReference; includeInIndex = 1; lastKnownFileType = text.xcconfig; name = "Pods-iOS Bootstrap.release.xcconfig"; path = "Pods/Target Support Files/Pods-iOS Bootstrap/Pods-iOS Bootstrap.release.xcconfig"; sourceTree = "<group>"; };
		5CC74D4057AC74D671DE5F5A /* Pods_iOS_Bootstrap.framework */ = {isa = PBXFileReference; explicitFileType = wrapper.framework; includeInIndex = 0; path = Pods_iOS_Bootstrap.framework; sourceTree = BUILT_PRODUCTS_DIR; };
		61423B2F316DF855C7864CC1 /* Pods-iOS Bootstrap.debug.xcconfig */ = {isa = PBXFileReference; includeInIndex = 1; lastKnownFileType = text.xcconfig; name = "Pods-iOS Bootstrap.debug.xcconfig"; path = "Pods/Target Support Files/Pods-iOS Bootstrap/Pods-iOS Bootstrap.debug.xcconfig"; sourceTree = "<group>"; };
/* End PBXFileReference section */

/* Begin PBXFrameworksBuildPhase section */
		1F88EFE121D5766900275972 /* Frameworks */ = {
			isa = PBXFrameworksBuildPhase;
			buildActionMask = 2147483647;
			files = (
				D613AB79944D1B10DD65FA87 /* Pods_iOS_Bootstrap.framework in Frameworks */,
			);
			runOnlyForDeploymentPostprocessing = 0;
		};
		1F9144D021F9CC050060A74B /* Frameworks */ = {
			isa = PBXFrameworksBuildPhase;
			buildActionMask = 2147483647;
			files = (
			);
			runOnlyForDeploymentPostprocessing = 0;
		};
/* End PBXFrameworksBuildPhase section */

/* Begin PBXGroup section */
		1F277617220E333C00496030 /* Articles */ = {
			isa = PBXGroup;
			children = (
				1F88EFEB21D5766900275972 /* News.storyboard */,
				1F86B9AA21E77A2D0059D2CB /* Article List */,
				1F9B0CB021E50E4A0069FD3E /* Article Detail */,
			);
			path = Articles;
			sourceTree = "<group>";
		};
		1F27761A22119C3D00496030 /* Welcome */ = {
			isa = PBXGroup;
			children = (
				1F27761B22119C5600496030 /* Welcome.storyboard */,
				1F27761D22119D0400496030 /* WelcomeCoordinator.swift */,
				1F27761F22119D9000496030 /* WelcomeViewController.swift */,
				1F27762122119E8500496030 /* WelcomeViewModel.swift */,
				1F2776232211A1AA00496030 /* WelcomeTableViewCell.swift */,
			);
			path = Welcome;
			sourceTree = "<group>";
		};
		1F2ACF13220B9E000084BFF0 /* Theme */ = {
			isa = PBXGroup;
			children = (
				1F2ACF11220B9DD80084BFF0 /* AppTheme.swift */,
				1F9B4A7A21ECE6CF00E5E360 /* UIColor+Custom.swift */,
				1F9B4A7D21ED3F1A00E5E360 /* Fonts */,
			);
			path = Theme;
			sourceTree = "<group>";
		};
		1F2ACF14220BA3250084BFF0 /* Questions */ = {
			isa = PBXGroup;
			children = (
				1F3DB455220CD6B300F931A5 /* Cells */,
				1F2ACF15220BA3460084BFF0 /* QuestionsCoordinator.swift */,
				1F2ACF17220BA35B0084BFF0 /* QuestionsCollectionViewController.swift */,
				1F2ACF19220BA3CB0084BFF0 /* Collection.storyboard */,
			);
			path = Questions;
			sourceTree = "<group>";
		};
		1F3DB455220CD6B300F931A5 /* Cells */ = {
			isa = PBXGroup;
			children = (
				1F3DB456220CD73500F931A5 /* UserTextCollectionViewCell.swift */,
				1F3DB458220DA9BB00F931A5 /* InnerCardCollectionViewCell.swift */,
			);
			path = Cells;
			sourceTree = "<group>";
		};
		1F6653ED21E37CB300982F99 /* Models */ = {
			isa = PBXGroup;
			children = (
				1FADAF5A21E782E7000A4E2E /* Tag+CoreDataClass.swift */,
				1FADAF5B21E782E7000A4E2E /* Tag+CoreDataProperties.swift */,
				1FADAF5C21E782E7000A4E2E /* Article+CoreDataClass.swift */,
				1FADAF5D21E782E7000A4E2E /* Article+CoreDataProperties.swift */,
				1F88EFEE21D5766900275972 /* iOS_Bootstrap.xcdatamodeld */,
			);
			path = Models;
			sourceTree = "<group>";
		};
		1F6CC45821F9CD100018869B /* Supporting Files */ = {
			isa = PBXGroup;
			children = (
				1F88EFE721D5766900275972 /* AppDelegate.swift */,
				1F88EFF621D5766900275972 /* Info.plist */,
				1F6C6DAB21F7304300E59082 /* main.swift */,
			);
			path = "Supporting Files";
			sourceTree = "<group>";
		};
		1F86B9AA21E77A2D0059D2CB /* Article List */ = {
			isa = PBXGroup;
			children = (
				1F0397C822024C0400335E6C /* ArticleTableCoordinator.swift */,
				1F1A40A021D69524005BC0F3 /* ArticleTableViewController.swift */,
				1F1A40A221D6953E005BC0F3 /* ArticleTableViewCell.swift */,
				1F8BDB4621E54150007A338A /* ArticleTableViewModel.swift */,
			);
			path = "Article List";
			sourceTree = "<group>";
		};
		1F86B9AB21E77A430059D2CB /* Screens */ = {
			isa = PBXGroup;
			children = (
				1F88EFF321D5766900275972 /* LaunchScreen.storyboard */,
				1F0397CA220476E200335E6C /* Coordinator.swift */,
				1F0397BE220218FE00335E6C /* ApplicationCoordinator.swift */,
				1F27761A22119C3D00496030 /* Welcome */,
				1FA831FF220A122500FB2B61 /* Auth */,
				1F277617220E333C00496030 /* Articles */,
				1F2ACF14220BA3250084BFF0 /* Questions */,
			);
			path = Screens;
			sourceTree = "<group>";
		};
		1F86B9AD21E77ABA0059D2CB /* Helpers */ = {
			isa = PBXGroup;
			children = (
				1F196BB621D6F7B1002421AB /* APIHelper.swift */,
				1F0397C42202481100335E6C /* ViewModelProtocol.swift */,
			);
			path = Helpers;
			sourceTree = "<group>";
		};
		1F88EFDB21D5766900275972 = {
			isa = PBXGroup;
			children = (
				1F88EFE621D5766900275972 /* iOS Bootstrap */,
				1F9144D421F9CC050060A74B /* iOS Bootstrap Tests */,
				1F88EFE521D5766900275972 /* Products */,
				E9CB322F9C378E393A54AB8D /* Pods */,
				7C92A2DDE9D1C5CC4AA9285B /* Frameworks */,
			);
			sourceTree = "<group>";
		};
		1F88EFE521D5766900275972 /* Products */ = {
			isa = PBXGroup;
			children = (
				1F88EFE421D5766900275972 /* iOS Bootstrap.app */,
				1F9144D321F9CC050060A74B /* iOS Bootstrap Tests.xctest */,
			);
			name = Products;
			sourceTree = "<group>";
		};
		1F88EFE621D5766900275972 /* iOS Bootstrap */ = {
			isa = PBXGroup;
			children = (
				1FDC4A1221E4C89F0064AC13 /* Convenience Extensions */,
				1F8BDB4021E53417007A338A /* Custom Views */,
				1F86B9AD21E77ABA0059D2CB /* Helpers */,
				1F6653ED21E37CB300982F99 /* Models */,
				1F9B4A7C21ED3F0500E5E360 /* Resources */,
				1F86B9AB21E77A430059D2CB /* Screens */,
				1F6CC45821F9CD100018869B /* Supporting Files */,
			);
			path = "iOS Bootstrap";
			sourceTree = "<group>";
		};
		1F8BDB4021E53417007A338A /* Custom Views */ = {
			isa = PBXGroup;
			children = (
				1F4EC6C021E521600060B9DA /* PaddingLabel.swift */,
				1FEDC18F220A315000AC5E84 /* DesignableButton.swift */,
				1FE54133220A50AE00981D82 /* DesignableLabel.swift */,
				1FE54135220A516200981D82 /* DesignableTextField.swift */,
			);
			path = "Custom Views";
			sourceTree = "<group>";
		};
		1F9144D421F9CC050060A74B /* iOS Bootstrap Tests */ = {
			isa = PBXGroup;
			children = (
				1F9144D521F9CC050060A74B /* IOSBootstrapTests.swift */,
				1F9144D721F9CC050060A74B /* Info.plist */,
			);
			path = "iOS Bootstrap Tests";
			sourceTree = "<group>";
		};
		1F9B0CB021E50E4A0069FD3E /* Article Detail */ = {
			isa = PBXGroup;
			children = (
				1F0397C622024BBB00335E6C /* ArticleDetailCoordinator.swift */,
				1F9B0CB121E50E610069FD3E /* ArticleDetailViewController.swift */,
				1F1EC01421E7900D008EB3AF /* ArticleDetailViewModel.swift */,
			);
			path = "Article Detail";
			sourceTree = "<group>";
		};
		1F9B4A7C21ED3F0500E5E360 /* Resources */ = {
			isa = PBXGroup;
			children = (
				1F8BDB4421E53592007A338A /* Constants.swift */,
				1F9B4A7421ECC43900E5E360 /* Localizable.strings */,
				1F88EFF121D5766900275972 /* Assets.xcassets */,
				1F2ACF13220B9E000084BFF0 /* Theme */,
			);
			path = Resources;
			sourceTree = "<group>";
		};
		1F9B4A7D21ED3F1A00E5E360 /* Fonts */ = {
			isa = PBXGroup;
			children = (
				1F9B4A9D21ED522100E5E360 /* Brandon */,
				1F9B4A8521ED3F4600E5E360 /* ProximaNova */,
				1F9B4A7E21ED3F2100E5E360 /* Colfax */,
				1F9B4A9B21ED3F7300E5E360 /* UIFont+Custom.swift */,
			);
			path = Fonts;
			sourceTree = "<group>";
		};
		1F9B4A7E21ED3F2100E5E360 /* Colfax */ = {
			isa = PBXGroup;
			children = (
				1F9B4A8121ED3F3700E5E360 /* Colfax-Bold.ttf */,
				1F9B4A7F21ED3F3600E5E360 /* Colfax-Medium.ttf */,
				1F9B4A8021ED3F3600E5E360 /* Colfax-Regular.ttf */,
			);
			path = Colfax;
			sourceTree = "<group>";
		};
		1F9B4A8521ED3F4600E5E360 /* ProximaNova */ = {
			isa = PBXGroup;
			children = (
				1F9B4A8621ED3F4600E5E360 /* ProximaNova-Light.ttf */,
				1F9B4A8721ED3F4600E5E360 /* ProximaNova-Bold.ttf */,
				1F9B4A8821ED3F4600E5E360 /* ProximaNova-Bold-Italic.ttf */,
				1F9B4A8921ED3F4600E5E360 /* ProximaNova-Semibold.ttf */,
				1F9B4A8A21ED3F4600E5E360 /* ProximaNova-Semibold-Italic.ttf */,
				1F9B4A8B21ED3F4600E5E360 /* ProximaNova-Extra-Bold.ttf */,
				1F9B4A8C21ED3F4600E5E360 /* ProximaNova-Regular.ttf */,
				1F9B4A8D21ED3F4600E5E360 /* ProximaNova-Black.ttf */,
				1F9B4A8E21ED3F4600E5E360 /* ProximaNova-Regular-Italic.ttf */,
				1F9B4A8F21ED3F4600E5E360 /* ProximaNova-Light-Italic.ttf */,
			);
			path = ProximaNova;
			sourceTree = "<group>";
		};
		1F9B4A9D21ED522100E5E360 /* Brandon */ = {
			isa = PBXGroup;
			children = (
				1F9B4A9E21ED522100E5E360 /* Brandon_med_it.otf */,
				1F9B4A9F21ED522100E5E360 /* Brandon_bld.otf */,
				1F9B4AA021ED522100E5E360 /* Brandon_med.otf */,
				1F9B4AA121ED522100E5E360 /* Brandon_light_it.otf */,
				1F9B4AA221ED522100E5E360 /* Brandon_reg.otf */,
				1F9B4AA321ED522100E5E360 /* Brandon_light.otf */,
				1F9B4AA421ED522100E5E360 /* Brandon_blk_it.otf */,
				1F9B4AA521ED522100E5E360 /* Brandon_reg_it.otf */,
				1F9B4AA621ED522100E5E360 /* Brandon_thin.otf */,
				1F9B4AA721ED522100E5E360 /* Brandon_bld_it.otf */,
				1F9B4AA821ED522100E5E360 /* Brandon_thin_it.otf */,
				1F9B4AA921ED522100E5E360 /* Brandon_blk.otf */,
			);
			path = Brandon;
			sourceTree = "<group>";
		};
		1FA831FF220A122500FB2B61 /* Auth */ = {
			isa = PBXGroup;
			children = (
				1FEDC18B220A234B00AC5E84 /* Auth.storyboard */,
				1FA83201220A123D00FB2B61 /* Auth Home */,
				1FA83202220A124A00FB2B61 /* Login */,
				1FA83205220A126500FB2B61 /* Forgot Password */,
				1FA83204220A125F00FB2B61 /* SignUp */,
			);
			path = Auth;
			sourceTree = "<group>";
		};
		1FA83201220A123D00FB2B61 /* Auth Home */ = {
			isa = PBXGroup;
			children = (
				1FA83209220A12E500FB2B61 /* AuthHomeCoordinator.swift */,
				1F27761822119B0A00496030 /* AuthHomeViewController.swift */,
			);
			path = "Auth Home";
			sourceTree = "<group>";
		};
		1FA83202220A124A00FB2B61 /* Login */ = {
			isa = PBXGroup;
			children = (
				1FA8320D220A168700FB2B61 /* LoginCoordinator.swift */,
				1FA8320B220A167100FB2B61 /* LoginViewController.swift */,
				1F3C24DD2211BD3C00A7C996 /* LoginViewModel.swift */,
			);
			path = Login;
			sourceTree = "<group>";
		};
		1FA83204220A125F00FB2B61 /* SignUp */ = {
			isa = PBXGroup;
			children = (
				1FA8320F220A19B700FB2B61 /* SignUpCoordinator.swift */,
				1FA83211220A19E500FB2B61 /* SignUpViewController.swift */,
				1F3C24DB2211BA6B00A7C996 /* SignUpViewModel.swift */,
			);
			path = SignUp;
			sourceTree = "<group>";
		};
		1FA83205220A126500FB2B61 /* Forgot Password */ = {
			isa = PBXGroup;
			children = (
				1FA83213220A1AB400FB2B61 /* ForgotPasswordCoordinator.swift */,
				1FA83215220A1AE200FB2B61 /* ForgotPasswordViewController.swift */,
				1F3C24DF2211BE9D00A7C996 /* ForgotPasswordViewModel.swift */,
			);
			path = "Forgot Password";
			sourceTree = "<group>";
		};
		1FDC4A1221E4C89F0064AC13 /* Convenience Extensions */ = {
			isa = PBXGroup;
			children = (
				1F8BDB4821E605C5007A338A /* NSDate+TimeAgo.swift */,
				1F9B4A7821ECC69900E5E360 /* String+Localized.swift */,
				1FDC4A1321E4C8B40064AC13 /* UIRefreshControl+ProgramaticallyBeginRefresh.swift */,
				1F0397C022021F6700335E6C /* UIViewController+Storyboard.swift */,
				1F2BD47422087D4300C128CE /* UIViewController+Toastr.swift */,
				1F0397C2220237FB00335E6C /* UITableViewCell+Reusable.swift */,
			);
			path = "Convenience Extensions";
			sourceTree = "<group>";
		};
		7C92A2DDE9D1C5CC4AA9285B /* Frameworks */ = {
			isa = PBXGroup;
			children = (
				5CC74D4057AC74D671DE5F5A /* Pods_iOS_Bootstrap.framework */,
			);
			name = Frameworks;
			sourceTree = "<group>";
		};
		E9CB322F9C378E393A54AB8D /* Pods */ = {
			isa = PBXGroup;
			children = (
				61423B2F316DF855C7864CC1 /* Pods-iOS Bootstrap.debug.xcconfig */,
				4B7DAA81C8155F8F08FAF734 /* Pods-iOS Bootstrap.release.xcconfig */,
			);
			name = Pods;
			sourceTree = "<group>";
		};
/* End PBXGroup section */

/* Begin PBXNativeTarget section */
		1F88EFE321D5766900275972 /* iOS Bootstrap */ = {
			isa = PBXNativeTarget;
			buildConfigurationList = 1F88EFF921D5766900275972 /* Build configuration list for PBXNativeTarget "iOS Bootstrap" */;
			buildPhases = (
				A4F54D50D62A253BAC001EB9 /* [CP] Check Pods Manifest.lock */,
				1F88EFE021D5766900275972 /* Sources */,
				1F88EFE121D5766900275972 /* Frameworks */,
				1F88EFE221D5766900275972 /* Resources */,
				3C313699C20C344E6EEF1795 /* [CP] Embed Pods Frameworks */,
				1FFDC15522088EDE00C61420 /* Swift Lint */,
				1F9B4A6C21ECA97700E5E360 /* Fabric Crashlytics */,
			);
			buildRules = (
			);
			dependencies = (
			);
			name = "iOS Bootstrap";
			productName = "CKL iOS Challenge";
			productReference = 1F88EFE421D5766900275972 /* iOS Bootstrap.app */;
			productType = "com.apple.product-type.application";
		};
		1F9144D221F9CC050060A74B /* iOS Bootstrap Tests */ = {
			isa = PBXNativeTarget;
			buildConfigurationList = 1F9144DA21F9CC050060A74B /* Build configuration list for PBXNativeTarget "iOS Bootstrap Tests" */;
			buildPhases = (
				1F9144CF21F9CC050060A74B /* Sources */,
				1F9144D021F9CC050060A74B /* Frameworks */,
				1F9144D121F9CC050060A74B /* Resources */,
			);
			buildRules = (
			);
			dependencies = (
				1F9144D921F9CC050060A74B /* PBXTargetDependency */,
			);
			name = "iOS Bootstrap Tests";
			productName = "CKL iOS Challenge Tests";
			productReference = 1F9144D321F9CC050060A74B /* iOS Bootstrap Tests.xctest */;
			productType = "com.apple.product-type.bundle.unit-test";
		};
/* End PBXNativeTarget section */

/* Begin PBXProject section */
		1F88EFDC21D5766900275972 /* Project object */ = {
			isa = PBXProject;
			attributes = {
				LastSwiftUpdateCheck = 1010;
				LastUpgradeCheck = 0940;
				ORGANIZATIONNAME = "Marcelo Salloum dos Santos";
				TargetAttributes = {
					1F88EFE321D5766900275972 = {
						CreatedOnToolsVersion = 9.4.1;
						LastSwiftMigration = 1010;
					};
					1F9144D221F9CC050060A74B = {
						CreatedOnToolsVersion = 10.1;
						TestTargetID = 1F88EFE321D5766900275972;
					};
				};
			};
			buildConfigurationList = 1F88EFDF21D5766900275972 /* Build configuration list for PBXProject "iOS Bootstrap" */;
			compatibilityVersion = "Xcode 9.3";
			developmentRegion = en;
			hasScannedForEncodings = 0;
			knownRegions = (
				en,
				Base,
			);
			mainGroup = 1F88EFDB21D5766900275972;
			productRefGroup = 1F88EFE521D5766900275972 /* Products */;
			projectDirPath = "";
			projectRoot = "";
			targets = (
				1F88EFE321D5766900275972 /* iOS Bootstrap */,
				1F9144D221F9CC050060A74B /* iOS Bootstrap Tests */,
			);
		};
/* End PBXProject section */

/* Begin PBXResourcesBuildPhase section */
		1F88EFE221D5766900275972 /* Resources */ = {
			isa = PBXResourcesBuildPhase;
			buildActionMask = 2147483647;
			files = (
				1F9B4A9821ED3F4700E5E360 /* ProximaNova-Regular-Italic.ttf in Resources */,
				1F88EFF521D5766900275972 /* LaunchScreen.storyboard in Resources */,
				1F9B4A9321ED3F4700E5E360 /* ProximaNova-Semibold.ttf in Resources */,
				1F9B4A9521ED3F4700E5E360 /* ProximaNova-Extra-Bold.ttf in Resources */,
				1F9B4AB521ED522200E5E360 /* Brandon_blk.otf in Resources */,
				1FEDC18C220A234C00AC5E84 /* Auth.storyboard in Resources */,
				1F9B4AAA21ED522200E5E360 /* Brandon_med_it.otf in Resources */,
				1F9B4AAE21ED522200E5E360 /* Brandon_reg.otf in Resources */,
				1F9B4A8421ED3F3700E5E360 /* Colfax-Bold.ttf in Resources */,
				1F9B4A9021ED3F4700E5E360 /* ProximaNova-Light.ttf in Resources */,
				1F9B4A7521ECC43900E5E360 /* Localizable.strings in Resources */,
				1F9B4AB021ED522200E5E360 /* Brandon_blk_it.otf in Resources */,
				1F9B4A9121ED3F4700E5E360 /* ProximaNova-Bold.ttf in Resources */,
				1F88EFF221D5766900275972 /* Assets.xcassets in Resources */,
				1F9B4AB321ED522200E5E360 /* Brandon_bld_it.otf in Resources */,
				1F9B4AB121ED522200E5E360 /* Brandon_reg_it.otf in Resources */,
				1F9B4A9221ED3F4700E5E360 /* ProximaNova-Bold-Italic.ttf in Resources */,
				1F9B4AAC21ED522200E5E360 /* Brandon_med.otf in Resources */,
				1F9B4AAD21ED522200E5E360 /* Brandon_light_it.otf in Resources */,
				1F9B4A8221ED3F3700E5E360 /* Colfax-Medium.ttf in Resources */,
				1F9B4A9621ED3F4700E5E360 /* ProximaNova-Regular.ttf in Resources */,
				1F27761C22119C5600496030 /* Welcome.storyboard in Resources */,
				1F9B4A9721ED3F4700E5E360 /* ProximaNova-Black.ttf in Resources */,
				1F9B4AB421ED522200E5E360 /* Brandon_thin_it.otf in Resources */,
				1F2ACF1A220BA3CB0084BFF0 /* Collection.storyboard in Resources */,
				1F9B4AB221ED522200E5E360 /* Brandon_thin.otf in Resources */,
				1F9B4A8321ED3F3700E5E360 /* Colfax-Regular.ttf in Resources */,
				1F9B4AAB21ED522200E5E360 /* Brandon_bld.otf in Resources */,
				1F9B4A9421ED3F4700E5E360 /* ProximaNova-Semibold-Italic.ttf in Resources */,
				1F9B4AAF21ED522200E5E360 /* Brandon_light.otf in Resources */,
				1F88EFED21D5766900275972 /* News.storyboard in Resources */,
				1F9B4A9921ED3F4700E5E360 /* ProximaNova-Light-Italic.ttf in Resources */,
			);
			runOnlyForDeploymentPostprocessing = 0;
		};
		1F9144D121F9CC050060A74B /* Resources */ = {
			isa = PBXResourcesBuildPhase;
			buildActionMask = 2147483647;
			files = (
			);
			runOnlyForDeploymentPostprocessing = 0;
		};
/* End PBXResourcesBuildPhase section */

/* Begin PBXShellScriptBuildPhase section */
		1F9B4A6C21ECA97700E5E360 /* Fabric Crashlytics */ = {
			isa = PBXShellScriptBuildPhase;
			buildActionMask = 2147483647;
			files = (
			);
			inputFileListPaths = (
			);
			inputPaths = (
				"$(SRCROOT)/$(BUILT_PRODUCTS_DIR)/$(INFOPLIST_PATH)",
			);
			name = "Fabric Crashlytics";
			outputFileListPaths = (
			);
			outputPaths = (
			);
			runOnlyForDeploymentPostprocessing = 0;
			shellPath = /bin/sh;
			shellScript = "\"${PODS_ROOT}/Fabric/run\" 58c10a60b7de9839551f21e4d344635fca8a820b 28f8f0e44de128bf5bc2d7c8eb4f90b50260b48383a319de3a378ee1ca33fd11\n";
		};
		1FFDC15522088EDE00C61420 /* Swift Lint */ = {
			isa = PBXShellScriptBuildPhase;
			buildActionMask = 2147483647;
			files = (
			);
			inputFileListPaths = (
			);
			inputPaths = (
			);
			name = "Swift Lint";
			outputFileListPaths = (
			);
			outputPaths = (
			);
			runOnlyForDeploymentPostprocessing = 0;
			shellPath = /bin/sh;
			shellScript = "# Type a script or drag a script file from your workspace to insert its path.\nif which swiftlint >/dev/null; then\n    swiftlint\nelse\n    echo \"warning: SwiftLint not installed, download from https://github.com/realm/SwiftLint\"\nfi\n";
		};
		3C313699C20C344E6EEF1795 /* [CP] Embed Pods Frameworks */ = {
			isa = PBXShellScriptBuildPhase;
			buildActionMask = 2147483647;
			files = (
			);
			inputFileListPaths = (
			);
			inputPaths = (
				"${SRCROOT}/Pods/Target Support Files/Pods-iOS Bootstrap/Pods-iOS Bootstrap-frameworks.sh",
				"${BUILT_PRODUCTS_DIR}/Alamofire/Alamofire.framework",
				"${BUILT_PRODUCTS_DIR}/Bagel/Bagel.framework",
				"${BUILT_PRODUCTS_DIR}/CocoaAsyncSocket/CocoaAsyncSocket.framework",
				"${BUILT_PRODUCTS_DIR}/EZCoreData/EZCoreData.framework",
				"${BUILT_PRODUCTS_DIR}/Flurry-iOS-SDK/Flurry_iOS_SDK.framework",
				"${BUILT_PRODUCTS_DIR}/Kingfisher/Kingfisher.framework",
				"${BUILT_PRODUCTS_DIR}/PKHUD/PKHUD.framework",
			);
			name = "[CP] Embed Pods Frameworks";
			outputFileListPaths = (
			);
			outputPaths = (
				"${TARGET_BUILD_DIR}/${FRAMEWORKS_FOLDER_PATH}/Alamofire.framework",
				"${TARGET_BUILD_DIR}/${FRAMEWORKS_FOLDER_PATH}/Bagel.framework",
				"${TARGET_BUILD_DIR}/${FRAMEWORKS_FOLDER_PATH}/CocoaAsyncSocket.framework",
				"${TARGET_BUILD_DIR}/${FRAMEWORKS_FOLDER_PATH}/EZCoreData.framework",
				"${TARGET_BUILD_DIR}/${FRAMEWORKS_FOLDER_PATH}/Flurry_iOS_SDK.framework",
				"${TARGET_BUILD_DIR}/${FRAMEWORKS_FOLDER_PATH}/Kingfisher.framework",
				"${TARGET_BUILD_DIR}/${FRAMEWORKS_FOLDER_PATH}/PKHUD.framework",
			);
			runOnlyForDeploymentPostprocessing = 0;
			shellPath = /bin/sh;
			shellScript = "\"${SRCROOT}/Pods/Target Support Files/Pods-iOS Bootstrap/Pods-iOS Bootstrap-frameworks.sh\"\n";
			showEnvVarsInLog = 0;
		};
		A4F54D50D62A253BAC001EB9 /* [CP] Check Pods Manifest.lock */ = {
			isa = PBXShellScriptBuildPhase;
			buildActionMask = 2147483647;
			files = (
			);
			inputFileListPaths = (
			);
			inputPaths = (
				"${PODS_PODFILE_DIR_PATH}/Podfile.lock",
				"${PODS_ROOT}/Manifest.lock",
			);
			name = "[CP] Check Pods Manifest.lock";
			outputFileListPaths = (
			);
			outputPaths = (
				"$(DERIVED_FILE_DIR)/Pods-iOS Bootstrap-checkManifestLockResult.txt",
			);
			runOnlyForDeploymentPostprocessing = 0;
			shellPath = /bin/sh;
			shellScript = "diff \"${PODS_PODFILE_DIR_PATH}/Podfile.lock\" \"${PODS_ROOT}/Manifest.lock\" > /dev/null\nif [ $? != 0 ] ; then\n    # print error to STDERR\n    echo \"error: The sandbox is not in sync with the Podfile.lock. Run 'pod install' or update your CocoaPods installation.\" >&2\n    exit 1\nfi\n# This output is used by Xcode 'outputs' to avoid re-running this script phase.\necho \"SUCCESS\" > \"${SCRIPT_OUTPUT_FILE_0}\"\n";
			showEnvVarsInLog = 0;
		};
/* End PBXShellScriptBuildPhase section */

/* Begin PBXSourcesBuildPhase section */
		1F88EFE021D5766900275972 /* Sources */ = {
			isa = PBXSourcesBuildPhase;
			buildActionMask = 2147483647;
			files = (
				1FDC4A1421E4C8B40064AC13 /* UIRefreshControl+ProgramaticallyBeginRefresh.swift in Sources */,
				1FADAF5E21E782E7000A4E2E /* Tag+CoreDataClass.swift in Sources */,
				1F9B4A7B21ECE6CF00E5E360 /* UIColor+Custom.swift in Sources */,
				1F1A40A321D6953E005BC0F3 /* ArticleTableViewCell.swift in Sources */,
				1F196BB721D6F7B1002421AB /* APIHelper.swift in Sources */,
				1F27762022119D9000496030 /* WelcomeViewController.swift in Sources */,
				1F9B0CB221E50E610069FD3E /* ArticleDetailViewController.swift in Sources */,
				1F0397C52202481100335E6C /* ViewModelProtocol.swift in Sources */,
				1F3DB459220DA9BB00F931A5 /* InnerCardCollectionViewCell.swift in Sources */,
				1F0397BF220218FE00335E6C /* ApplicationCoordinator.swift in Sources */,
				1F0397C722024BBB00335E6C /* ArticleDetailCoordinator.swift in Sources */,
				1FADAF5F21E782E7000A4E2E /* Tag+CoreDataProperties.swift in Sources */,
				1F3C24E02211BE9D00A7C996 /* ForgotPasswordViewModel.swift in Sources */,
				1F6C6DAC21F7304300E59082 /* main.swift in Sources */,
				1F0397C3220237FB00335E6C /* UITableViewCell+Reusable.swift in Sources */,
				1F27761922119B0A00496030 /* AuthHomeViewController.swift in Sources */,
				1FEDC190220A315000AC5E84 /* DesignableButton.swift in Sources */,
				1FADAF6021E782E7000A4E2E /* Article+CoreDataClass.swift in Sources */,
				1FA8320C220A167100FB2B61 /* LoginViewController.swift in Sources */,
				1FA8320E220A168700FB2B61 /* LoginCoordinator.swift in Sources */,
				1FA83210220A19B700FB2B61 /* SignUpCoordinator.swift in Sources */,
				1F2776242211A1AA00496030 /* WelcomeTableViewCell.swift in Sources */,
				1F4EC6C121E521600060B9DA /* PaddingLabel.swift in Sources */,
				1F1EC01521E7900D008EB3AF /* ArticleDetailViewModel.swift in Sources */,
				1F2ACF18220BA35B0084BFF0 /* QuestionsCollectionViewController.swift in Sources */,
				1F2BD47522087D4300C128CE /* UIViewController+Toastr.swift in Sources */,
				1FA8320A220A12E500FB2B61 /* AuthHomeCoordinator.swift in Sources */,
				1F88EFE821D5766900275972 /* AppDelegate.swift in Sources */,
				1F3C24DC2211BA6B00A7C996 /* SignUpViewModel.swift in Sources */,
				1FA83212220A19E500FB2B61 /* SignUpViewController.swift in Sources */,
				1F2ACF16220BA3460084BFF0 /* QuestionsCoordinator.swift in Sources */,
				1F0397C922024C0400335E6C /* ArticleTableCoordinator.swift in Sources */,
				1FE54136220A516200981D82 /* DesignableTextField.swift in Sources */,
				1F8BDB4721E54150007A338A /* ArticleTableViewModel.swift in Sources */,
				1FA83214220A1AB400FB2B61 /* ForgotPasswordCoordinator.swift in Sources */,
				1F9B4A7921ECC69900E5E360 /* String+Localized.swift in Sources */,
				1F27761E22119D0400496030 /* WelcomeCoordinator.swift in Sources */,
				1F2ACF12220B9DD80084BFF0 /* AppTheme.swift in Sources */,
				1F0397CB220476E200335E6C /* Coordinator.swift in Sources */,
				1F3C24DE2211BD3C00A7C996 /* LoginViewModel.swift in Sources */,
				1F8BDB4521E53592007A338A /* Constants.swift in Sources */,
				1FE54134220A50AE00981D82 /* DesignableLabel.swift in Sources */,
				1F1A40A121D69524005BC0F3 /* ArticleTableViewController.swift in Sources */,
				1F0397C122021F6700335E6C /* UIViewController+Storyboard.swift in Sources */,
				1F8BDB4921E605C5007A338A /* NSDate+TimeAgo.swift in Sources */,
				1FA83216220A1AE200FB2B61 /* ForgotPasswordViewController.swift in Sources */,
				1FADAF6121E782E7000A4E2E /* Article+CoreDataProperties.swift in Sources */,
				1F27762222119E8500496030 /* WelcomeViewModel.swift in Sources */,
				1F3DB457220CD73500F931A5 /* UserTextCollectionViewCell.swift in Sources */,
				1F9B4A9C21ED3F7300E5E360 /* UIFont+Custom.swift in Sources */,
				1F88EFF021D5766900275972 /* iOS_Bootstrap.xcdatamodeld in Sources */,
			);
			runOnlyForDeploymentPostprocessing = 0;
		};
		1F9144CF21F9CC050060A74B /* Sources */ = {
			isa = PBXSourcesBuildPhase;
			buildActionMask = 2147483647;
			files = (
				1F9144D621F9CC050060A74B /* IOSBootstrapTests.swift in Sources */,
			);
			runOnlyForDeploymentPostprocessing = 0;
		};
/* End PBXSourcesBuildPhase section */

/* Begin PBXTargetDependency section */
		1F9144D921F9CC050060A74B /* PBXTargetDependency */ = {
			isa = PBXTargetDependency;
			target = 1F88EFE321D5766900275972 /* iOS Bootstrap */;
			targetProxy = 1F9144D821F9CC050060A74B /* PBXContainerItemProxy */;
		};
/* End PBXTargetDependency section */

/* Begin PBXVariantGroup section */
		1F88EFEB21D5766900275972 /* News.storyboard */ = {
			isa = PBXVariantGroup;
			children = (
				1F88EFEC21D5766900275972 /* Base */,
				1F9B4A7721ECC61300E5E360 /* en */,
			);
			name = News.storyboard;
			sourceTree = "<group>";
		};
		1F88EFF321D5766900275972 /* LaunchScreen.storyboard */ = {
			isa = PBXVariantGroup;
			children = (
				1F88EFF421D5766900275972 /* Base */,
			);
			name = LaunchScreen.storyboard;
			sourceTree = "<group>";
		};
/* End PBXVariantGroup section */

/* Begin XCBuildConfiguration section */
		1F88EFF721D5766900275972 /* Debug */ = {
			isa = XCBuildConfiguration;
			buildSettings = {
				ALWAYS_SEARCH_USER_PATHS = NO;
				CLANG_ANALYZER_NONNULL = YES;
				CLANG_ANALYZER_NUMBER_OBJECT_CONVERSION = YES_AGGRESSIVE;
				CLANG_CXX_LANGUAGE_STANDARD = "gnu++14";
				CLANG_CXX_LIBRARY = "libc++";
				CLANG_ENABLE_MODULES = YES;
				CLANG_ENABLE_OBJC_ARC = YES;
				CLANG_ENABLE_OBJC_WEAK = YES;
				CLANG_WARN_BLOCK_CAPTURE_AUTORELEASING = YES;
				CLANG_WARN_BOOL_CONVERSION = YES;
				CLANG_WARN_COMMA = YES;
				CLANG_WARN_CONSTANT_CONVERSION = YES;
				CLANG_WARN_DEPRECATED_OBJC_IMPLEMENTATIONS = YES;
				CLANG_WARN_DIRECT_OBJC_ISA_USAGE = YES_ERROR;
				CLANG_WARN_DOCUMENTATION_COMMENTS = YES;
				CLANG_WARN_EMPTY_BODY = YES;
				CLANG_WARN_ENUM_CONVERSION = YES;
				CLANG_WARN_INFINITE_RECURSION = YES;
				CLANG_WARN_INT_CONVERSION = YES;
				CLANG_WARN_NON_LITERAL_NULL_CONVERSION = YES;
				CLANG_WARN_OBJC_IMPLICIT_RETAIN_SELF = YES;
				CLANG_WARN_OBJC_LITERAL_CONVERSION = YES;
				CLANG_WARN_OBJC_ROOT_CLASS = YES_ERROR;
				CLANG_WARN_RANGE_LOOP_ANALYSIS = YES;
				CLANG_WARN_STRICT_PROTOTYPES = YES;
				CLANG_WARN_SUSPICIOUS_MOVE = YES;
				CLANG_WARN_UNGUARDED_AVAILABILITY = YES_AGGRESSIVE;
				CLANG_WARN_UNREACHABLE_CODE = YES;
				CLANG_WARN__DUPLICATE_METHOD_MATCH = YES;
				CODE_SIGN_IDENTITY = "iPhone Developer";
				COPY_PHASE_STRIP = NO;
				DEBUG_INFORMATION_FORMAT = dwarf;
				ENABLE_STRICT_OBJC_MSGSEND = YES;
				ENABLE_TESTABILITY = YES;
				GCC_C_LANGUAGE_STANDARD = gnu11;
				GCC_DYNAMIC_NO_PIC = NO;
				GCC_NO_COMMON_BLOCKS = YES;
				GCC_OPTIMIZATION_LEVEL = 0;
				GCC_PREPROCESSOR_DEFINITIONS = (
					"DEBUG=1",
					"$(inherited)",
				);
				GCC_WARN_64_TO_32_BIT_CONVERSION = YES;
				GCC_WARN_ABOUT_RETURN_TYPE = YES_ERROR;
				GCC_WARN_UNDECLARED_SELECTOR = YES;
				GCC_WARN_UNINITIALIZED_AUTOS = YES_AGGRESSIVE;
				GCC_WARN_UNUSED_FUNCTION = YES;
				GCC_WARN_UNUSED_VARIABLE = YES;
				IPHONEOS_DEPLOYMENT_TARGET = 11.4;
				MTL_ENABLE_DEBUG_INFO = YES;
				ONLY_ACTIVE_ARCH = YES;
				SDKROOT = iphoneos;
				SWIFT_ACTIVE_COMPILATION_CONDITIONS = DEBUG;
				SWIFT_OPTIMIZATION_LEVEL = "-Onone";
			};
			name = Debug;
		};
		1F88EFF821D5766900275972 /* Release */ = {
			isa = XCBuildConfiguration;
			buildSettings = {
				ALWAYS_SEARCH_USER_PATHS = NO;
				CLANG_ANALYZER_NONNULL = YES;
				CLANG_ANALYZER_NUMBER_OBJECT_CONVERSION = YES_AGGRESSIVE;
				CLANG_CXX_LANGUAGE_STANDARD = "gnu++14";
				CLANG_CXX_LIBRARY = "libc++";
				CLANG_ENABLE_MODULES = YES;
				CLANG_ENABLE_OBJC_ARC = YES;
				CLANG_ENABLE_OBJC_WEAK = YES;
				CLANG_WARN_BLOCK_CAPTURE_AUTORELEASING = YES;
				CLANG_WARN_BOOL_CONVERSION = YES;
				CLANG_WARN_COMMA = YES;
				CLANG_WARN_CONSTANT_CONVERSION = YES;
				CLANG_WARN_DEPRECATED_OBJC_IMPLEMENTATIONS = YES;
				CLANG_WARN_DIRECT_OBJC_ISA_USAGE = YES_ERROR;
				CLANG_WARN_DOCUMENTATION_COMMENTS = YES;
				CLANG_WARN_EMPTY_BODY = YES;
				CLANG_WARN_ENUM_CONVERSION = YES;
				CLANG_WARN_INFINITE_RECURSION = YES;
				CLANG_WARN_INT_CONVERSION = YES;
				CLANG_WARN_NON_LITERAL_NULL_CONVERSION = YES;
				CLANG_WARN_OBJC_IMPLICIT_RETAIN_SELF = YES;
				CLANG_WARN_OBJC_LITERAL_CONVERSION = YES;
				CLANG_WARN_OBJC_ROOT_CLASS = YES_ERROR;
				CLANG_WARN_RANGE_LOOP_ANALYSIS = YES;
				CLANG_WARN_STRICT_PROTOTYPES = YES;
				CLANG_WARN_SUSPICIOUS_MOVE = YES;
				CLANG_WARN_UNGUARDED_AVAILABILITY = YES_AGGRESSIVE;
				CLANG_WARN_UNREACHABLE_CODE = YES;
				CLANG_WARN__DUPLICATE_METHOD_MATCH = YES;
				CODE_SIGN_IDENTITY = "iPhone Developer";
				COPY_PHASE_STRIP = NO;
				DEBUG_INFORMATION_FORMAT = "dwarf-with-dsym";
				ENABLE_NS_ASSERTIONS = NO;
				ENABLE_STRICT_OBJC_MSGSEND = YES;
				GCC_C_LANGUAGE_STANDARD = gnu11;
				GCC_NO_COMMON_BLOCKS = YES;
				GCC_WARN_64_TO_32_BIT_CONVERSION = YES;
				GCC_WARN_ABOUT_RETURN_TYPE = YES_ERROR;
				GCC_WARN_UNDECLARED_SELECTOR = YES;
				GCC_WARN_UNINITIALIZED_AUTOS = YES_AGGRESSIVE;
				GCC_WARN_UNUSED_FUNCTION = YES;
				GCC_WARN_UNUSED_VARIABLE = YES;
				IPHONEOS_DEPLOYMENT_TARGET = 11.4;
				MTL_ENABLE_DEBUG_INFO = NO;
				SDKROOT = iphoneos;
				SWIFT_COMPILATION_MODE = wholemodule;
				SWIFT_OPTIMIZATION_LEVEL = "-O";
				VALIDATE_PRODUCT = YES;
			};
			name = Release;
		};
		1F88EFFA21D5766900275972 /* Debug */ = {
			isa = XCBuildConfiguration;
			baseConfigurationReference = 61423B2F316DF855C7864CC1 /* Pods-iOS Bootstrap.debug.xcconfig */;
			buildSettings = {
				ASSETCATALOG_COMPILER_APPICON_NAME = AppIcon;
				CODE_SIGN_STYLE = Automatic;
				DEBUG_INFORMATION_FORMAT = "dwarf-with-dsym";
				DEVELOPMENT_TEAM = 7LDUSTM628;
				INFOPLIST_FILE = "iOS Bootstrap/Supporting Files/Info.plist";
				LD_RUNPATH_SEARCH_PATHS = (
					"$(inherited)",
					"@executable_path/Frameworks",
				);
				OTHER_SWIFT_FLAGS = "$(inherited) \"-D\" \"COCOAPODS\" -Xfrontend -debug-time-function-bodies";
				PRODUCT_BUNDLE_IDENTIFIER = "mhss.iOS-bootstrap";
				PRODUCT_NAME = "$(TARGET_NAME)";
				SWIFT_VERSION = 4.2;
				TARGETED_DEVICE_FAMILY = "1,2";
			};
			name = Debug;
		};
		1F88EFFB21D5766900275972 /* Release */ = {
			isa = XCBuildConfiguration;
			baseConfigurationReference = 4B7DAA81C8155F8F08FAF734 /* Pods-iOS Bootstrap.release.xcconfig */;
			buildSettings = {
				ASSETCATALOG_COMPILER_APPICON_NAME = AppIcon;
				CODE_SIGN_STYLE = Automatic;
				DEVELOPMENT_TEAM = 7LDUSTM628;
				INFOPLIST_FILE = "iOS Bootstrap/Supporting Files/Info.plist";
				LD_RUNPATH_SEARCH_PATHS = (
					"$(inherited)",
					"@executable_path/Frameworks",
				);
				OTHER_SWIFT_FLAGS = "$(inherited) \"-D\" \"COCOAPODS\" -Xfrontend -debug-time-function-bodies";
				PRODUCT_BUNDLE_IDENTIFIER = "mhss.iOS-bootstrap";
				PRODUCT_NAME = "$(TARGET_NAME)";
				SWIFT_VERSION = 4.2;
				TARGETED_DEVICE_FAMILY = "1,2";
			};
			name = Release;
		};
		1F9144DB21F9CC050060A74B /* Debug */ = {
			isa = XCBuildConfiguration;
			buildSettings = {
				BUNDLE_LOADER = "$(TEST_HOST)";
				CODE_SIGN_STYLE = Automatic;
				DEVELOPMENT_TEAM = 7LDUSTM628;
				INFOPLIST_FILE = "iOS Bootstrap Tests/Info.plist";
				IPHONEOS_DEPLOYMENT_TARGET = 12.1;
				LD_RUNPATH_SEARCH_PATHS = (
					"$(inherited)",
					"@executable_path/Frameworks",
					"@loader_path/Frameworks",
				);
				MTL_ENABLE_DEBUG_INFO = INCLUDE_SOURCE;
				MTL_FAST_MATH = YES;
				PRODUCT_BUNDLE_IDENTIFIER = "io.ckl.CKL-iOS-Challenge-Tests";
				PRODUCT_NAME = "$(TARGET_NAME)";
				SWIFT_VERSION = 4.2;
				TARGETED_DEVICE_FAMILY = "1,2";
				TEST_HOST = "$(BUILT_PRODUCTS_DIR)/iOS Bootstrap.app/iOS Bootstrap";
			};
			name = Debug;
		};
		1F9144DC21F9CC050060A74B /* Release */ = {
			isa = XCBuildConfiguration;
			buildSettings = {
				BUNDLE_LOADER = "$(TEST_HOST)";
				CODE_SIGN_STYLE = Automatic;
				DEVELOPMENT_TEAM = 7LDUSTM628;
				INFOPLIST_FILE = "iOS Bootstrap Tests/Info.plist";
				IPHONEOS_DEPLOYMENT_TARGET = 12.1;
				LD_RUNPATH_SEARCH_PATHS = (
					"$(inherited)",
					"@executable_path/Frameworks",
					"@loader_path/Frameworks",
				);
				MTL_FAST_MATH = YES;
				PRODUCT_BUNDLE_IDENTIFIER = "io.ckl.CKL-iOS-Challenge-Tests";
				PRODUCT_NAME = "$(TARGET_NAME)";
				SWIFT_VERSION = 4.2;
				TARGETED_DEVICE_FAMILY = "1,2";
				TEST_HOST = "$(BUILT_PRODUCTS_DIR)/iOS Bootstrap.app/iOS Bootstrap";
			};
			name = Release;
		};
/* End XCBuildConfiguration section */

/* Begin XCConfigurationList section */
		1F88EFDF21D5766900275972 /* Build configuration list for PBXProject "iOS Bootstrap" */ = {
			isa = XCConfigurationList;
			buildConfigurations = (
				1F88EFF721D5766900275972 /* Debug */,
				1F88EFF821D5766900275972 /* Release */,
			);
			defaultConfigurationIsVisible = 0;
			defaultConfigurationName = Release;
		};
		1F88EFF921D5766900275972 /* Build configuration list for PBXNativeTarget "iOS Bootstrap" */ = {
			isa = XCConfigurationList;
			buildConfigurations = (
				1F88EFFA21D5766900275972 /* Debug */,
				1F88EFFB21D5766900275972 /* Release */,
			);
			defaultConfigurationIsVisible = 0;
			defaultConfigurationName = Release;
		};
		1F9144DA21F9CC050060A74B /* Build configuration list for PBXNativeTarget "iOS Bootstrap Tests" */ = {
			isa = XCConfigurationList;
			buildConfigurations = (
				1F9144DB21F9CC050060A74B /* Debug */,
				1F9144DC21F9CC050060A74B /* Release */,
			);
			defaultConfigurationIsVisible = 0;
			defaultConfigurationName = Release;
		};
/* End XCConfigurationList section */

/* Begin XCVersionGroup section */
		1F88EFEE21D5766900275972 /* iOS_Bootstrap.xcdatamodeld */ = {
			isa = XCVersionGroup;
			children = (
				1F88EFEF21D5766900275972 /* CKL_iOS_Challenge.xcdatamodel */,
			);
			currentVersion = 1F88EFEF21D5766900275972 /* CKL_iOS_Challenge.xcdatamodel */;
			path = iOS_Bootstrap.xcdatamodeld;
			sourceTree = "<group>";
			versionGroupType = wrapper.xcdatamodel;
		};
/* End XCVersionGroup section */
	};
	rootObject = 1F88EFDC21D5766900275972 /* Project object */;
}
