// !$*UTF8*$!
{
	archiveVersion = 1;
	classes = {
	};
	objectVersion = 50;
	objects = {

/* Begin PBXBuildFile section */
		1F196BB721D6F7B1002421AB /* RestAPI.swift in Sources */ = {isa = PBXBuildFile; fileRef = 1F196BB621D6F7B1002421AB /* RestAPI.swift */; };
		1F1A40A121D69524005BC0F3 /* ArticleTableViewController.swift in Sources */ = {isa = PBXBuildFile; fileRef = 1F1A40A021D69524005BC0F3 /* ArticleTableViewController.swift */; };
		1F1A40A321D6953E005BC0F3 /* ArticleTableViewCell.swift in Sources */ = {isa = PBXBuildFile; fileRef = 1F1A40A221D6953E005BC0F3 /* ArticleTableViewCell.swift */; };
		1F88EFE821D5766900275972 /* AppDelegate.swift in Sources */ = {isa = PBXBuildFile; fileRef = 1F88EFE721D5766900275972 /* AppDelegate.swift */; };
		1F88EFED21D5766900275972 /* Main.storyboard in Resources */ = {isa = PBXBuildFile; fileRef = 1F88EFEB21D5766900275972 /* Main.storyboard */; };
		1F88EFF021D5766900275972 /* CKL_iOS_Challenge.xcdatamodeld in Sources */ = {isa = PBXBuildFile; fileRef = 1F88EFEE21D5766900275972 /* CKL_iOS_Challenge.xcdatamodeld */; };
		1F88EFF221D5766900275972 /* Assets.xcassets in Resources */ = {isa = PBXBuildFile; fileRef = 1F88EFF121D5766900275972 /* Assets.xcassets */; };
		1F88EFF521D5766900275972 /* LaunchScreen.storyboard in Resources */ = {isa = PBXBuildFile; fileRef = 1F88EFF321D5766900275972 /* LaunchScreen.storyboard */; };
		1FDC4A1421E4C8B40064AC13 /* UIRefreshControl+ProgramaticallyBeginRefresh.swift  .swift in Sources */ = {isa = PBXBuildFile; fileRef = 1FDC4A1321E4C8B40064AC13 /* UIRefreshControl+ProgramaticallyBeginRefresh.swift  .swift */; };
		3BB8E2DD593B5F0512D39FD3 /* Pods_CKL_iOS_Challenge.framework in Frameworks */ = {isa = PBXBuildFile; fileRef = 6033304A064BBB3698598AEA /* Pods_CKL_iOS_Challenge.framework */; };
/* End PBXBuildFile section */

/* Begin PBXFileReference section */
		1F196BB621D6F7B1002421AB /* RestAPI.swift */ = {isa = PBXFileReference; lastKnownFileType = sourcecode.swift; path = RestAPI.swift; sourceTree = "<group>"; };
		1F1A40A021D69524005BC0F3 /* ArticleTableViewController.swift */ = {isa = PBXFileReference; lastKnownFileType = sourcecode.swift; path = ArticleTableViewController.swift; sourceTree = "<group>"; };
		1F1A40A221D6953E005BC0F3 /* ArticleTableViewCell.swift */ = {isa = PBXFileReference; lastKnownFileType = sourcecode.swift; path = ArticleTableViewCell.swift; sourceTree = "<group>"; };
		1F88EFE421D5766900275972 /* CKL iOS Challenge.app */ = {isa = PBXFileReference; explicitFileType = wrapper.application; includeInIndex = 0; path = "CKL iOS Challenge.app"; sourceTree = BUILT_PRODUCTS_DIR; };
		1F88EFE721D5766900275972 /* AppDelegate.swift */ = {isa = PBXFileReference; lastKnownFileType = sourcecode.swift; path = AppDelegate.swift; sourceTree = "<group>"; };
		1F88EFEC21D5766900275972 /* Base */ = {isa = PBXFileReference; lastKnownFileType = file.storyboard; name = Base; path = Base.lproj/Main.storyboard; sourceTree = "<group>"; };
		1F88EFEF21D5766900275972 /* CKL_iOS_Challenge.xcdatamodel */ = {isa = PBXFileReference; lastKnownFileType = wrapper.xcdatamodel; path = CKL_iOS_Challenge.xcdatamodel; sourceTree = "<group>"; };
		1F88EFF121D5766900275972 /* Assets.xcassets */ = {isa = PBXFileReference; lastKnownFileType = folder.assetcatalog; path = Assets.xcassets; sourceTree = "<group>"; };
		1F88EFF421D5766900275972 /* Base */ = {isa = PBXFileReference; lastKnownFileType = file.storyboard; name = Base; path = Base.lproj/LaunchScreen.storyboard; sourceTree = "<group>"; };
		1F88EFF621D5766900275972 /* Info.plist */ = {isa = PBXFileReference; lastKnownFileType = text.plist.xml; path = Info.plist; sourceTree = "<group>"; };
		1FDC4A1321E4C8B40064AC13 /* UIRefreshControl+ProgramaticallyBeginRefresh.swift  .swift */ = {isa = PBXFileReference; lastKnownFileType = sourcecode.swift; path = "UIRefreshControl+ProgramaticallyBeginRefresh.swift  .swift"; sourceTree = "<group>"; };
		6033304A064BBB3698598AEA /* Pods_CKL_iOS_Challenge.framework */ = {isa = PBXFileReference; explicitFileType = wrapper.framework; includeInIndex = 0; path = Pods_CKL_iOS_Challenge.framework; sourceTree = BUILT_PRODUCTS_DIR; };
		86CCB3F79B5702C77FF8F6CC /* Pods-CKL iOS Challenge.release.xcconfig */ = {isa = PBXFileReference; includeInIndex = 1; lastKnownFileType = text.xcconfig; name = "Pods-CKL iOS Challenge.release.xcconfig"; path = "Pods/Target Support Files/Pods-CKL iOS Challenge/Pods-CKL iOS Challenge.release.xcconfig"; sourceTree = "<group>"; };
		B8DA3CF7472269D2DA9CAEFB /* Pods-CKL iOS Challenge.debug.xcconfig */ = {isa = PBXFileReference; includeInIndex = 1; lastKnownFileType = text.xcconfig; name = "Pods-CKL iOS Challenge.debug.xcconfig"; path = "Pods/Target Support Files/Pods-CKL iOS Challenge/Pods-CKL iOS Challenge.debug.xcconfig"; sourceTree = "<group>"; };
/* End PBXFileReference section */

/* Begin PBXFrameworksBuildPhase section */
		1F88EFE121D5766900275972 /* Frameworks */ = {
			isa = PBXFrameworksBuildPhase;
			buildActionMask = 2147483647;
			files = (
				3BB8E2DD593B5F0512D39FD3 /* Pods_CKL_iOS_Challenge.framework in Frameworks */,
			);
			runOnlyForDeploymentPostprocessing = 0;
		};
/* End PBXFrameworksBuildPhase section */

/* Begin PBXGroup section */
		1F196BB521D6F796002421AB /* APIs */ = {
			isa = PBXGroup;
			children = (
				1F196BB621D6F7B1002421AB /* RestAPI.swift */,
			);
			path = APIs;
			sourceTree = "<group>";
		};
		1F1A409F21D694FF005BC0F3 /* Article */ = {
			isa = PBXGroup;
			children = (
				1F1A40A021D69524005BC0F3 /* ArticleTableViewController.swift */,
				1F1A40A221D6953E005BC0F3 /* ArticleTableViewCell.swift */,
			);
			path = Article;
			sourceTree = "<group>";
		};
		1F6653ED21E37CB300982F99 /* Models */ = {
			isa = PBXGroup;
			children = (
				1F88EFEE21D5766900275972 /* CKL_iOS_Challenge.xcdatamodeld */,
			);
			path = Models;
			sourceTree = "<group>";
		};
		1F88EFDB21D5766900275972 = {
			isa = PBXGroup;
			children = (
				1FDC4A1221E4C89F0064AC13 /* Extensions */,
				1F88EFE621D5766900275972 /* CKL iOS Challenge */,
				1F88EFE521D5766900275972 /* Products */,
				AE22B14963B4D54B33DAF208 /* Pods */,
				782204D88925974F844285AB /* Frameworks */,
			);
			sourceTree = "<group>";
		};
		1F88EFE521D5766900275972 /* Products */ = {
			isa = PBXGroup;
			children = (
				1F88EFE421D5766900275972 /* CKL iOS Challenge.app */,
			);
			name = Products;
			sourceTree = "<group>";
		};
		1F88EFE621D5766900275972 /* CKL iOS Challenge */ = {
			isa = PBXGroup;
			children = (
				1F6653ED21E37CB300982F99 /* Models */,
				1F196BB521D6F796002421AB /* APIs */,
				1F1A409F21D694FF005BC0F3 /* Article */,
				1F88EFE721D5766900275972 /* AppDelegate.swift */,
				1F88EFEB21D5766900275972 /* Main.storyboard */,
				1F88EFF121D5766900275972 /* Assets.xcassets */,
				1F88EFF321D5766900275972 /* LaunchScreen.storyboard */,
				1F88EFF621D5766900275972 /* Info.plist */,
			);
			path = "CKL iOS Challenge";
			sourceTree = "<group>";
		};
		1FDC4A1221E4C89F0064AC13 /* Extensions */ = {
			isa = PBXGroup;
			children = (
				1FDC4A1321E4C8B40064AC13 /* UIRefreshControl+ProgramaticallyBeginRefresh.swift  .swift */,
			);
			path = Extensions;
			sourceTree = "<group>";
		};
		782204D88925974F844285AB /* Frameworks */ = {
			isa = PBXGroup;
			children = (
				6033304A064BBB3698598AEA /* Pods_CKL_iOS_Challenge.framework */,
			);
			name = Frameworks;
			sourceTree = "<group>";
		};
		AE22B14963B4D54B33DAF208 /* Pods */ = {
			isa = PBXGroup;
			children = (
				B8DA3CF7472269D2DA9CAEFB /* Pods-CKL iOS Challenge.debug.xcconfig */,
				86CCB3F79B5702C77FF8F6CC /* Pods-CKL iOS Challenge.release.xcconfig */,
			);
			name = Pods;
			sourceTree = "<group>";
		};
/* End PBXGroup section */

/* Begin PBXNativeTarget section */
		1F88EFE321D5766900275972 /* CKL iOS Challenge */ = {
			isa = PBXNativeTarget;
			buildConfigurationList = 1F88EFF921D5766900275972 /* Build configuration list for PBXNativeTarget "CKL iOS Challenge" */;
			buildPhases = (
				CE00BC07F36091BDCDC51E46 /* [CP] Check Pods Manifest.lock */,
				1F88EFE021D5766900275972 /* Sources */,
				1F88EFE121D5766900275972 /* Frameworks */,
				1F88EFE221D5766900275972 /* Resources */,
				586E302204C7343C46B0E7F4 /* [CP] Embed Pods Frameworks */,
			);
			buildRules = (
			);
			dependencies = (
			);
			name = "CKL iOS Challenge";
			productName = "CKL iOS Challenge";
			productReference = 1F88EFE421D5766900275972 /* CKL iOS Challenge.app */;
			productType = "com.apple.product-type.application";
		};
/* End PBXNativeTarget section */

/* Begin PBXProject section */
		1F88EFDC21D5766900275972 /* Project object */ = {
			isa = PBXProject;
			attributes = {
				LastSwiftUpdateCheck = 0940;
				LastUpgradeCheck = 0940;
				ORGANIZATIONNAME = "Marcelo Salloum dos Santos";
				TargetAttributes = {
					1F88EFE321D5766900275972 = {
						CreatedOnToolsVersion = 9.4.1;
						LastSwiftMigration = 1010;
					};
				};
			};
			buildConfigurationList = 1F88EFDF21D5766900275972 /* Build configuration list for PBXProject "CKL iOS Challenge" */;
			compatibilityVersion = "Xcode 9.3";
			developmentRegion = en;
			hasScannedForEncodings = 0;
			knownRegions = (
				en,
				Base,
			);
			mainGroup = 1F88EFDB21D5766900275972;
			productRefGroup = 1F88EFE521D5766900275972 /* Products */;
			projectDirPath = "";
			projectRoot = "";
			targets = (
				1F88EFE321D5766900275972 /* CKL iOS Challenge */,
			);
		};
/* End PBXProject section */

/* Begin PBXResourcesBuildPhase section */
		1F88EFE221D5766900275972 /* Resources */ = {
			isa = PBXResourcesBuildPhase;
			buildActionMask = 2147483647;
			files = (
				1F88EFF521D5766900275972 /* LaunchScreen.storyboard in Resources */,
				1F88EFF221D5766900275972 /* Assets.xcassets in Resources */,
				1F88EFED21D5766900275972 /* Main.storyboard in Resources */,
			);
			runOnlyForDeploymentPostprocessing = 0;
		};
/* End PBXResourcesBuildPhase section */

/* Begin PBXShellScriptBuildPhase section */
		586E302204C7343C46B0E7F4 /* [CP] Embed Pods Frameworks */ = {
			isa = PBXShellScriptBuildPhase;
			buildActionMask = 2147483647;
			files = (
			);
			inputPaths = (
				"${SRCROOT}/Pods/Target Support Files/Pods-CKL iOS Challenge/Pods-CKL iOS Challenge-frameworks.sh",
				"${BUILT_PRODUCTS_DIR}/Alamofire/Alamofire.framework",
				"${BUILT_PRODUCTS_DIR}/Nuke/Nuke.framework",
				"${BUILT_PRODUCTS_DIR}/PKHUD/PKHUD.framework",
				"${BUILT_PRODUCTS_DIR}/SwiftyJSON/SwiftyJSON.framework",
			);
			name = "[CP] Embed Pods Frameworks";
			outputPaths = (
				"${TARGET_BUILD_DIR}/${FRAMEWORKS_FOLDER_PATH}/Alamofire.framework",
				"${TARGET_BUILD_DIR}/${FRAMEWORKS_FOLDER_PATH}/Nuke.framework",
				"${TARGET_BUILD_DIR}/${FRAMEWORKS_FOLDER_PATH}/PKHUD.framework",
				"${TARGET_BUILD_DIR}/${FRAMEWORKS_FOLDER_PATH}/SwiftyJSON.framework",
			);
			runOnlyForDeploymentPostprocessing = 0;
			shellPath = /bin/sh;
			shellScript = "\"${SRCROOT}/Pods/Target Support Files/Pods-CKL iOS Challenge/Pods-CKL iOS Challenge-frameworks.sh\"\n";
			showEnvVarsInLog = 0;
		};
		CE00BC07F36091BDCDC51E46 /* [CP] Check Pods Manifest.lock */ = {
			isa = PBXShellScriptBuildPhase;
			buildActionMask = 2147483647;
			files = (
			);
			inputPaths = (
				"${PODS_PODFILE_DIR_PATH}/Podfile.lock",
				"${PODS_ROOT}/Manifest.lock",
			);
			name = "[CP] Check Pods Manifest.lock";
			outputPaths = (
				"$(DERIVED_FILE_DIR)/Pods-CKL iOS Challenge-checkManifestLockResult.txt",
			);
			runOnlyForDeploymentPostprocessing = 0;
			shellPath = /bin/sh;
			shellScript = "diff \"${PODS_PODFILE_DIR_PATH}/Podfile.lock\" \"${PODS_ROOT}/Manifest.lock\" > /dev/null\nif [ $? != 0 ] ; then\n    # print error to STDERR\n    echo \"error: The sandbox is not in sync with the Podfile.lock. Run 'pod install' or update your CocoaPods installation.\" >&2\n    exit 1\nfi\n# This output is used by Xcode 'outputs' to avoid re-running this script phase.\necho \"SUCCESS\" > \"${SCRIPT_OUTPUT_FILE_0}\"\n";
			showEnvVarsInLog = 0;
		};
/* End PBXShellScriptBuildPhase section */

/* Begin PBXSourcesBuildPhase section */
		1F88EFE021D5766900275972 /* Sources */ = {
			isa = PBXSourcesBuildPhase;
			buildActionMask = 2147483647;
			files = (
				1FDC4A1421E4C8B40064AC13 /* UIRefreshControl+ProgramaticallyBeginRefresh.swift  .swift in Sources */,
				1F1A40A321D6953E005BC0F3 /* ArticleTableViewCell.swift in Sources */,
				1F196BB721D6F7B1002421AB /* RestAPI.swift in Sources */,
				1F88EFE821D5766900275972 /* AppDelegate.swift in Sources */,
				1F1A40A121D69524005BC0F3 /* ArticleTableViewController.swift in Sources */,
				1F88EFF021D5766900275972 /* CKL_iOS_Challenge.xcdatamodeld in Sources */,
			);
			runOnlyForDeploymentPostprocessing = 0;
		};
/* End PBXSourcesBuildPhase section */

/* Begin PBXVariantGroup section */
		1F88EFEB21D5766900275972 /* Main.storyboard */ = {
			isa = PBXVariantGroup;
			children = (
				1F88EFEC21D5766900275972 /* Base */,
			);
			name = Main.storyboard;
			sourceTree = "<group>";
		};
		1F88EFF321D5766900275972 /* LaunchScreen.storyboard */ = {
			isa = PBXVariantGroup;
			children = (
				1F88EFF421D5766900275972 /* Base */,
			);
			name = LaunchScreen.storyboard;
			sourceTree = "<group>";
		};
/* End PBXVariantGroup section */

/* Begin XCBuildConfiguration section */
		1F88EFF721D5766900275972 /* Debug */ = {
			isa = XCBuildConfiguration;
			buildSettings = {
				ALWAYS_SEARCH_USER_PATHS = NO;
				CLANG_ANALYZER_NONNULL = YES;
				CLANG_ANALYZER_NUMBER_OBJECT_CONVERSION = YES_AGGRESSIVE;
				CLANG_CXX_LANGUAGE_STANDARD = "gnu++14";
				CLANG_CXX_LIBRARY = "libc++";
				CLANG_ENABLE_MODULES = YES;
				CLANG_ENABLE_OBJC_ARC = YES;
				CLANG_ENABLE_OBJC_WEAK = YES;
				CLANG_WARN_BLOCK_CAPTURE_AUTORELEASING = YES;
				CLANG_WARN_BOOL_CONVERSION = YES;
				CLANG_WARN_COMMA = YES;
				CLANG_WARN_CONSTANT_CONVERSION = YES;
				CLANG_WARN_DEPRECATED_OBJC_IMPLEMENTATIONS = YES;
				CLANG_WARN_DIRECT_OBJC_ISA_USAGE = YES_ERROR;
				CLANG_WARN_DOCUMENTATION_COMMENTS = YES;
				CLANG_WARN_EMPTY_BODY = YES;
				CLANG_WARN_ENUM_CONVERSION = YES;
				CLANG_WARN_INFINITE_RECURSION = YES;
				CLANG_WARN_INT_CONVERSION = YES;
				CLANG_WARN_NON_LITERAL_NULL_CONVERSION = YES;
				CLANG_WARN_OBJC_IMPLICIT_RETAIN_SELF = YES;
				CLANG_WARN_OBJC_LITERAL_CONVERSION = YES;
				CLANG_WARN_OBJC_ROOT_CLASS = YES_ERROR;
				CLANG_WARN_RANGE_LOOP_ANALYSIS = YES;
				CLANG_WARN_STRICT_PROTOTYPES = YES;
				CLANG_WARN_SUSPICIOUS_MOVE = YES;
				CLANG_WARN_UNGUARDED_AVAILABILITY = YES_AGGRESSIVE;
				CLANG_WARN_UNREACHABLE_CODE = YES;
				CLANG_WARN__DUPLICATE_METHOD_MATCH = YES;
				CODE_SIGN_IDENTITY = "iPhone Developer";
				COPY_PHASE_STRIP = NO;
				DEBUG_INFORMATION_FORMAT = dwarf;
				ENABLE_STRICT_OBJC_MSGSEND = YES;
				ENABLE_TESTABILITY = YES;
				GCC_C_LANGUAGE_STANDARD = gnu11;
				GCC_DYNAMIC_NO_PIC = NO;
				GCC_NO_COMMON_BLOCKS = YES;
				GCC_OPTIMIZATION_LEVEL = 0;
				GCC_PREPROCESSOR_DEFINITIONS = (
					"DEBUG=1",
					"$(inherited)",
				);
				GCC_WARN_64_TO_32_BIT_CONVERSION = YES;
				GCC_WARN_ABOUT_RETURN_TYPE = YES_ERROR;
				GCC_WARN_UNDECLARED_SELECTOR = YES;
				GCC_WARN_UNINITIALIZED_AUTOS = YES_AGGRESSIVE;
				GCC_WARN_UNUSED_FUNCTION = YES;
				GCC_WARN_UNUSED_VARIABLE = YES;
				IPHONEOS_DEPLOYMENT_TARGET = 11.4;
				MTL_ENABLE_DEBUG_INFO = YES;
				ONLY_ACTIVE_ARCH = YES;
				SDKROOT = iphoneos;
				SWIFT_ACTIVE_COMPILATION_CONDITIONS = DEBUG;
				SWIFT_OPTIMIZATION_LEVEL = "-Onone";
			};
			name = Debug;
		};
		1F88EFF821D5766900275972 /* Release */ = {
			isa = XCBuildConfiguration;
			buildSettings = {
				ALWAYS_SEARCH_USER_PATHS = NO;
				CLANG_ANALYZER_NONNULL = YES;
				CLANG_ANALYZER_NUMBER_OBJECT_CONVERSION = YES_AGGRESSIVE;
				CLANG_CXX_LANGUAGE_STANDARD = "gnu++14";
				CLANG_CXX_LIBRARY = "libc++";
				CLANG_ENABLE_MODULES = YES;
				CLANG_ENABLE_OBJC_ARC = YES;
				CLANG_ENABLE_OBJC_WEAK = YES;
				CLANG_WARN_BLOCK_CAPTURE_AUTORELEASING = YES;
				CLANG_WARN_BOOL_CONVERSION = YES;
				CLANG_WARN_COMMA = YES;
				CLANG_WARN_CONSTANT_CONVERSION = YES;
				CLANG_WARN_DEPRECATED_OBJC_IMPLEMENTATIONS = YES;
				CLANG_WARN_DIRECT_OBJC_ISA_USAGE = YES_ERROR;
				CLANG_WARN_DOCUMENTATION_COMMENTS = YES;
				CLANG_WARN_EMPTY_BODY = YES;
				CLANG_WARN_ENUM_CONVERSION = YES;
				CLANG_WARN_INFINITE_RECURSION = YES;
				CLANG_WARN_INT_CONVERSION = YES;
				CLANG_WARN_NON_LITERAL_NULL_CONVERSION = YES;
				CLANG_WARN_OBJC_IMPLICIT_RETAIN_SELF = YES;
				CLANG_WARN_OBJC_LITERAL_CONVERSION = YES;
				CLANG_WARN_OBJC_ROOT_CLASS = YES_ERROR;
				CLANG_WARN_RANGE_LOOP_ANALYSIS = YES;
				CLANG_WARN_STRICT_PROTOTYPES = YES;
				CLANG_WARN_SUSPICIOUS_MOVE = YES;
				CLANG_WARN_UNGUARDED_AVAILABILITY = YES_AGGRESSIVE;
				CLANG_WARN_UNREACHABLE_CODE = YES;
				CLANG_WARN__DUPLICATE_METHOD_MATCH = YES;
				CODE_SIGN_IDENTITY = "iPhone Developer";
				COPY_PHASE_STRIP = NO;
				DEBUG_INFORMATION_FORMAT = "dwarf-with-dsym";
				ENABLE_NS_ASSERTIONS = NO;
				ENABLE_STRICT_OBJC_MSGSEND = YES;
				GCC_C_LANGUAGE_STANDARD = gnu11;
				GCC_NO_COMMON_BLOCKS = YES;
				GCC_WARN_64_TO_32_BIT_CONVERSION = YES;
				GCC_WARN_ABOUT_RETURN_TYPE = YES_ERROR;
				GCC_WARN_UNDECLARED_SELECTOR = YES;
				GCC_WARN_UNINITIALIZED_AUTOS = YES_AGGRESSIVE;
				GCC_WARN_UNUSED_FUNCTION = YES;
				GCC_WARN_UNUSED_VARIABLE = YES;
				IPHONEOS_DEPLOYMENT_TARGET = 11.4;
				MTL_ENABLE_DEBUG_INFO = NO;
				SDKROOT = iphoneos;
				SWIFT_COMPILATION_MODE = wholemodule;
				SWIFT_OPTIMIZATION_LEVEL = "-O";
				VALIDATE_PRODUCT = YES;
			};
			name = Release;
		};
		1F88EFFA21D5766900275972 /* Debug */ = {
			isa = XCBuildConfiguration;
			baseConfigurationReference = B8DA3CF7472269D2DA9CAEFB /* Pods-CKL iOS Challenge.debug.xcconfig */;
			buildSettings = {
				ASSETCATALOG_COMPILER_APPICON_NAME = AppIcon;
				CODE_SIGN_STYLE = Automatic;
				DEVELOPMENT_TEAM = K3UK62DH5A;
				INFOPLIST_FILE = "CKL iOS Challenge/Info.plist";
				LD_RUNPATH_SEARCH_PATHS = (
					"$(inherited)",
					"@executable_path/Frameworks",
				);
				PRODUCT_BUNDLE_IDENTIFIER = "io.ckl.CKL-iOS-Challenge";
				PRODUCT_NAME = "$(TARGET_NAME)";
				SWIFT_VERSION = 4.2;
				TARGETED_DEVICE_FAMILY = "1,2";
			};
			name = Debug;
		};
		1F88EFFB21D5766900275972 /* Release */ = {
			isa = XCBuildConfiguration;
			baseConfigurationReference = 86CCB3F79B5702C77FF8F6CC /* Pods-CKL iOS Challenge.release.xcconfig */;
			buildSettings = {
				ASSETCATALOG_COMPILER_APPICON_NAME = AppIcon;
				CODE_SIGN_STYLE = Automatic;
				DEVELOPMENT_TEAM = K3UK62DH5A;
				INFOPLIST_FILE = "CKL iOS Challenge/Info.plist";
				LD_RUNPATH_SEARCH_PATHS = (
					"$(inherited)",
					"@executable_path/Frameworks",
				);
				PRODUCT_BUNDLE_IDENTIFIER = "io.ckl.CKL-iOS-Challenge";
				PRODUCT_NAME = "$(TARGET_NAME)";
				SWIFT_VERSION = 4.2;
				TARGETED_DEVICE_FAMILY = "1,2";
			};
			name = Release;
		};
/* End XCBuildConfiguration section */

/* Begin XCConfigurationList section */
		1F88EFDF21D5766900275972 /* Build configuration list for PBXProject "CKL iOS Challenge" */ = {
			isa = XCConfigurationList;
			buildConfigurations = (
				1F88EFF721D5766900275972 /* Debug */,
				1F88EFF821D5766900275972 /* Release */,
			);
			defaultConfigurationIsVisible = 0;
			defaultConfigurationName = Release;
		};
		1F88EFF921D5766900275972 /* Build configuration list for PBXNativeTarget "CKL iOS Challenge" */ = {
			isa = XCConfigurationList;
			buildConfigurations = (
				1F88EFFA21D5766900275972 /* Debug */,
				1F88EFFB21D5766900275972 /* Release */,
			);
			defaultConfigurationIsVisible = 0;
			defaultConfigurationName = Release;
		};
/* End XCConfigurationList section */

/* Begin XCVersionGroup section */
		1F88EFEE21D5766900275972 /* CKL_iOS_Challenge.xcdatamodeld */ = {
			isa = XCVersionGroup;
			children = (
				1F88EFEF21D5766900275972 /* CKL_iOS_Challenge.xcdatamodel */,
			);
			currentVersion = 1F88EFEF21D5766900275972 /* CKL_iOS_Challenge.xcdatamodel */;
			path = CKL_iOS_Challenge.xcdatamodeld;
			sourceTree = "<group>";
			versionGroupType = wrapper.xcdatamodel;
		};
/* End XCVersionGroup section */
	};
	rootObject = 1F88EFDC21D5766900275972 /* Project object */;
}
